lockfileVersion: '9.0'

settings:
  autoInstallPeers: true
  excludeLinksFromLockfile: false

importers:

  .:
    dependencies:
      prettier:
        specifier: 3.9.10
        version: 3.9.10

packages:

  prettier@3.9.10:
    resolution: {integrity: sha512-skGHTH1Yb9QvaTC4hWnRTzEYtCpApF0UMBPz+t/0ZPzP8ihefo/btKd+QA7pUE0fEwA1SbS/NmhyEcstdXOIdA==}
    engines: {node: '>=14'}
    hasBin: true

snapshots:

  prettier@3.9.10: {}
