{
    "name": "private",
    "version": "1.0.0",
    "lockfileVersion": 3,
    "requires": true,
    "packages": {
        "": {
            "name": "private",
            "version": "1.0.0",
            "license": "ISC",
            "dependencies": {
                "chevrotain": "13.2.0",
                "regexp-to-ast": "0.5.0"
            },
            "devDependencies": {
                "@prettier/plugin-xml": "3.4.2",
                "@standard-config/prettier": "1.18.0",
                "prettier": "3.9.6",
                "prettier-plugin-powershell": "2.1.10",
                "prettier-plugin-toml": "2.0.6",
                "prettier-plugin-yaml": "1.2.0"
            }
        },
        "node_modules/@chevrotain/cst-dts-gen": {
            "version": "13.2.0",
            "resolved": "https://registry.npmjs.org/@chevrotain/cst-dts-gen/-/cst-dts-gen-13.2.0.tgz",
            "integrity": "sha512-bA9dvWlhAUcHkNwU+8w9yiUxJPlj/Lm3VqS7MD+NbIR/7LmpNLuK/AWNFdCo/T3SK5ND0/UHf3IJvl/Jn/i6yg==",
            "license": "Apache-2.0",
            "dependencies": {
                "@chevrotain/gast": "13.2.0",
                "@chevrotain/types": "13.2.0"
            }
        },
        "node_modules/@chevrotain/gast": {
            "version": "13.2.0",
            "resolved": "https://registry.npmjs.org/@chevrotain/gast/-/gast-13.2.0.tgz",
            "integrity": "sha512-bCARdAsG+eEbOveSXcOAC7pVxA04I1ionzeMOwIYf5NX7SaS7zgn4Dgug2BSqoL+iyKeMNSorQjsFSHJHsCNwg==",
            "license": "Apache-2.0",
            "dependencies": {
                "@chevrotain/types": "13.2.0"
            }
        },
        "node_modules/@chevrotain/regexp-to-ast": {
            "version": "13.2.0",
            "resolved": "https://registry.npmjs.org/@chevrotain/regexp-to-ast/-/regexp-to-ast-13.2.0.tgz",
            "integrity": "sha512-kxpUkLtiaK09ph+dib+Yvm+3sWSnuwlo25gqfKRgTPNmF6H7uW4gVkMjaRdtnN783S9sM6vUNWh9CsxYX4QwKw==",
            "license": "Apache-2.0"
        },
        "node_modules/@chevrotain/types": {
            "version": "13.2.0",
            "resolved": "https://registry.npmjs.org/@chevrotain/types/-/types-13.2.0.tgz",
            "integrity": "sha512-7qrYHRlKfWf2AvBfJi5eVOrKAkbxvMFsy/iIHTGIiApNcEecCaVIdR+mIQhyCBsTDJxBz4JWXHMo6krbhR9hVg==",
            "license": "Apache-2.0"
        },
        "node_modules/@chevrotain/utils": {
            "version": "13.2.0",
            "resolved": "https://registry.npmjs.org/@chevrotain/utils/-/utils-13.2.0.tgz",
            "integrity": "sha512-SzKYY68rseOrb9KILVzPsl6SjkQtdWw01SRGB5aCVI5kFcHltQsOYV3JB0Ffst72DgkvHCyDQ0NLwxtmCCf97Q==",
            "license": "Apache-2.0"
        },
        "node_modules/@emnapi/core": {
            "version": "1.11.1",
            "resolved": "https://registry.npmjs.org/@emnapi/core/-/core-1.11.1.tgz",
            "integrity": "sha512-RSvbQmHzdKzNsLYa/wHrbc3KN4sYLKAdPZxqiM2HATqv/SBk2/ENSHpvXGaLOMcsAyz0poEGqkmmKYG3OWiJEQ==",
            "dev": true,
            "license": "MIT",
            "optional": true,
            "dependencies": {
                "@emnapi/wasi-threads": "1.2.2",
                "tslib": "^2.4.0"
            }
        },
        "node_modules/@emnapi/runtime": {
            "version": "1.11.1",
            "resolved": "https://registry.npmjs.org/@emnapi/runtime/-/runtime-1.11.1.tgz",
            "integrity": "sha512-vgj7R3y3Wgx24IQaGPA/R6YFXLHVMOZ0uVEyIQPaWs+rd1AzfEMXlAC22FYwO1XkKR6NPsq7mUandH8oIRdZFw==",
            "dev": true,
            "license": "MIT",
            "optional": true,
            "dependencies": {
                "tslib": "^2.4.0"
            }
        },
        "node_modules/@emnapi/wasi-threads": {
            "version": "1.2.2",
            "resolved": "https://registry.npmjs.org/@emnapi/wasi-threads/-/wasi-threads-1.2.2.tgz",
            "integrity": "sha512-c95qOXkHdydNKhscBTebqEC1CVAZpyqOfVfBzQ1qgzyl3gfeldUjIggDbIZgDKsHLgnsM+igH7TJ/eAasaVuMA==",
            "dev": true,
            "license": "MIT",
            "optional": true,
            "dependencies": {
                "tslib": "^2.4.0"
            }
        },
        "node_modules/@napi-rs/wasm-runtime": {
            "version": "1.1.6",
            "resolved": "https://registry.npmjs.org/@napi-rs/wasm-runtime/-/wasm-runtime-1.1.6.tgz",
            "integrity": "sha512-ZLv/JdUfkvOy9eCnnBaGfiO+XimbjebAeO+MRQqD/B+FR1tnRN0tpKSJHRbE8sFfS6aqsXZ67TQjfwfsxULVbg==",
            "dev": true,
            "license": "MIT",
            "optional": true,
            "dependencies": {
                "@tybys/wasm-util": "^0.10.3"
            },
            "funding": {
                "type": "github",
                "url": "https://github.com/sponsors/Brooooooklyn"
            },
            "peerDependencies": {
                "@emnapi/core": "^1.7.1",
                "@emnapi/runtime": "^1.7.1"
            }
        },
        "node_modules/@oxc-parser/binding-android-arm-eabi": {
            "version": "0.139.0",
            "resolved": "https://registry.npmjs.org/@oxc-parser/binding-android-arm-eabi/-/binding-android-arm-eabi-0.139.0.tgz",
            "integrity": "sha512-22EsXTA3Vc7OvrF4bfT48PFln2UbxkVgrp/Tm32qLw76Dv7SmcInfClJe6yPYamnli6HiqasnESZ5ezN+X4ybg==",
            "cpu": [
                "arm"
            ],
            "dev": true,
            "license": "MIT",
            "optional": true,
            "os": [
                "android"
            ],
            "engines": {
                "node": "^20.19.0 || >=22.12.0"
            }
        },
        "node_modules/@oxc-parser/binding-android-arm64": {
            "version": "0.139.0",
            "resolved": "https://registry.npmjs.org/@oxc-parser/binding-android-arm64/-/binding-android-arm64-0.139.0.tgz",
            "integrity": "sha512-uASQkZV+CUQ6xXvoMzDQyfhd8OMusdv2FyCPfAi5ZDYptesapJlw7erhpGi1Lc+U8QjQV2JUrIh7d/3su2LzmQ==",
            "cpu": [
                "arm64"
            ],
            "dev": true,
            "license": "MIT",
            "optional": true,
            "os": [
                "android"
            ],
            "engines": {
                "node": "^20.19.0 || >=22.12.0"
            }
        },
        "node_modules/@oxc-parser/binding-darwin-arm64": {
            "version": "0.139.0",
            "resolved": "https://registry.npmjs.org/@oxc-parser/binding-darwin-arm64/-/binding-darwin-arm64-0.139.0.tgz",
            "integrity": "sha512-vuQOv2WF5pZCkdSPEExul98o853M3MCR24DpWsGrUoPJu5KcnGE34kLXY2yFwBwZwT+eN1x40Tt4q6ZzlEdNUA==",
            "cpu": [
                "arm64"
            ],
            "dev": true,
            "license": "MIT",
            "optional": true,
            "os": [
                "darwin"
            ],
            "engines": {
                "node": "^20.19.0 || >=22.12.0"
            }
        },
        "node_modules/@oxc-parser/binding-darwin-x64": {
            "version": "0.139.0",
            "resolved": "https://registry.npmjs.org/@oxc-parser/binding-darwin-x64/-/binding-darwin-x64-0.139.0.tgz",
            "integrity": "sha512-zxZB8ChS+7XactZhcyxQ292P/DNiiBaPPKYiVUlb3RC0V/hme5bokNubjcmEmbW9uTfmqLTpveAdkbe66H3pGg==",
            "cpu": [
                "x64"
            ],
            "dev": true,
            "license": "MIT",
            "optional": true,
            "os": [
                "darwin"
            ],
            "engines": {
                "node": "^20.19.0 || >=22.12.0"
            }
        },
        "node_modules/@oxc-parser/binding-freebsd-x64": {
            "version": "0.139.0",
            "resolved": "https://registry.npmjs.org/@oxc-parser/binding-freebsd-x64/-/binding-freebsd-x64-0.139.0.tgz",
            "integrity": "sha512-iw2MsoCPBQwdJqywRAGsF1jEAcGoZ+DeG2LVzt5pdUvRHqajsMF46BH0rHiWoWtMwcMSia+oQYga7fHo7u7Bcw==",
            "cpu": [
                "x64"
            ],
            "dev": true,
            "license": "MIT",
            "optional": true,
            "os": [
                "freebsd"
            ],
            "engines": {
                "node": "^20.19.0 || >=22.12.0"
            }
        },
        "node_modules/@oxc-parser/binding-linux-arm-gnueabihf": {
            "version": "0.139.0",
            "resolved": "https://registry.npmjs.org/@oxc-parser/binding-linux-arm-gnueabihf/-/binding-linux-arm-gnueabihf-0.139.0.tgz",
            "integrity": "sha512-SwjD/k3Y5bwGJWOH313VyaDrAuaYg1Pe+4AAXCgUKvSO5IHkj+mZ0oFcOWmB5nTuOM3uwdT+leL8h4OnFlI5hw==",
            "cpu": [
                "arm"
            ],
            "dev": true,
            "license": "MIT",
            "optional": true,
            "os": [
                "linux"
            ],
            "engines": {
                "node": "^20.19.0 || >=22.12.0"
            }
        },
        "node_modules/@oxc-parser/binding-linux-arm-musleabihf": {
            "version": "0.139.0",
            "resolved": "https://registry.npmjs.org/@oxc-parser/binding-linux-arm-musleabihf/-/binding-linux-arm-musleabihf-0.139.0.tgz",
            "integrity": "sha512-qbeygDkcvailKFhphb2YGMMXsaZIynHlPtoOrcx4NZB/tRbUKraCCMbw8dPeFtEKasfS2qWh1VnReY+Lcys1zA==",
            "cpu": [
                "arm"
            ],
            "dev": true,
            "license": "MIT",
            "optional": true,
            "os": [
                "linux"
            ],
            "engines": {
                "node": "^20.19.0 || >=22.12.0"
            }
        },
        "node_modules/@oxc-parser/binding-linux-arm64-gnu": {
            "version": "0.139.0",
            "resolved": "https://registry.npmjs.org/@oxc-parser/binding-linux-arm64-gnu/-/binding-linux-arm64-gnu-0.139.0.tgz",
            "integrity": "sha512-SrlL02KeImKlvx/9rCeopOLH7qKI3rqKKEguK6KBwVwEGLhV/A47dW4DNigf6/LFhrwoovaiayEQryjYAI86dQ==",
            "cpu": [
                "arm64"
            ],
            "dev": true,
            "libc": [
                "glibc"
            ],
            "license": "MIT",
            "optional": true,
            "os": [
                "linux"
            ],
            "engines": {
                "node": "^20.19.0 || >=22.12.0"
            }
        },
        "node_modules/@oxc-parser/binding-linux-arm64-musl": {
            "version": "0.139.0",
            "resolved": "https://registry.npmjs.org/@oxc-parser/binding-linux-arm64-musl/-/binding-linux-arm64-musl-0.139.0.tgz",
            "integrity": "sha512-u9e884ChAVRmIZ1jr/m46S96FoDQnruFjISLi4Y0i6Wu/JUUmIiw7+umLyXILJsPfUuqnN5BJLe23t07+Y6+IA==",
            "cpu": [
                "arm64"
            ],
            "dev": true,
            "libc": [
                "musl"
            ],
            "license": "MIT",
            "optional": true,
            "os": [
                "linux"
            ],
            "engines": {
                "node": "^20.19.0 || >=22.12.0"
            }
        },
        "node_modules/@oxc-parser/binding-linux-ppc64-gnu": {
            "version": "0.139.0",
            "resolved": "https://registry.npmjs.org/@oxc-parser/binding-linux-ppc64-gnu/-/binding-linux-ppc64-gnu-0.139.0.tgz",
            "integrity": "sha512-Z9tU2b3GJfAXOdirQmz4gZQkQkVjy53i77gf91l0733MQKa/qtk73KQQE2GzDtMqim+HyjpzvemmqzBtH2IJUA==",
            "cpu": [
                "ppc64"
            ],
            "dev": true,
            "libc": [
                "glibc"
            ],
            "license": "MIT",
            "optional": true,
            "os": [
                "linux"
            ],
            "engines": {
                "node": "^20.19.0 || >=22.12.0"
            }
        },
        "node_modules/@oxc-parser/binding-linux-riscv64-gnu": {
            "version": "0.139.0",
            "resolved": "https://registry.npmjs.org/@oxc-parser/binding-linux-riscv64-gnu/-/binding-linux-riscv64-gnu-0.139.0.tgz",
            "integrity": "sha512-RyUbr7hzPK84YDWKs77PRYk9VBwWbsbuYsQzQWiSmLnARXTg2zntLPGfCH/1wpfUYdmGkp/6SsqTXSsYdw9Jgw==",
            "cpu": [
                "riscv64"
            ],
            "dev": true,
            "libc": [
                "glibc"
            ],
            "license": "MIT",
            "optional": true,
            "os": [
                "linux"
            ],
            "engines": {
                "node": "^20.19.0 || >=22.12.0"
            }
        },
        "node_modules/@oxc-parser/binding-linux-riscv64-musl": {
            "version": "0.139.0",
            "resolved": "https://registry.npmjs.org/@oxc-parser/binding-linux-riscv64-musl/-/binding-linux-riscv64-musl-0.139.0.tgz",
            "integrity": "sha512-dcQhjtcDvtR8BgkUpt03Yz5SzxdzYvTigenIJOEsiSX6G2t6yybEMxGWjp0dOuYGror0BaqcZfTyXR58amCEig==",
            "cpu": [
                "riscv64"
            ],
            "dev": true,
            "libc": [
                "musl"
            ],
            "license": "MIT",
            "optional": true,
            "os": [
                "linux"
            ],
            "engines": {
                "node": "^20.19.0 || >=22.12.0"
            }
        },
        "node_modules/@oxc-parser/binding-linux-s390x-gnu": {
            "version": "0.139.0",
            "resolved": "https://registry.npmjs.org/@oxc-parser/binding-linux-s390x-gnu/-/binding-linux-s390x-gnu-0.139.0.tgz",
            "integrity": "sha512-iuGrxysV4rGUymdKpn7bgZQ6Vix8Bi/6D/rp71HYIzphq6NKrsBhsGOYsSZte+uBFL43tXh7Xr7TM72sGliJNA==",
            "cpu": [
                "s390x"
            ],
            "dev": true,
            "libc": [
                "glibc"
            ],
            "license": "MIT",
            "optional": true,
            "os": [
                "linux"
            ],
            "engines": {
                "node": "^20.19.0 || >=22.12.0"
            }
        },
        "node_modules/@oxc-parser/binding-linux-x64-gnu": {
            "version": "0.139.0",
            "resolved": "https://registry.npmjs.org/@oxc-parser/binding-linux-x64-gnu/-/binding-linux-x64-gnu-0.139.0.tgz",
            "integrity": "sha512-NxJdZZyaa2JLLvNfH/iJQXfCNfKcPMylwY4ObMpBVmW4Nq+RyUpVVQXrMMelcQ6rwx3nuhF1Iga8n+eoAKGCIA==",
            "cpu": [
                "x64"
            ],
            "dev": true,
            "libc": [
                "glibc"
            ],
            "license": "MIT",
            "optional": true,
            "os": [
                "linux"
            ],
            "engines": {
                "node": "^20.19.0 || >=22.12.0"
            }
        },
        "node_modules/@oxc-parser/binding-linux-x64-musl": {
            "version": "0.139.0",
            "resolved": "https://registry.npmjs.org/@oxc-parser/binding-linux-x64-musl/-/binding-linux-x64-musl-0.139.0.tgz",
            "integrity": "sha512-ePxBvvtzISmSsJ0RIj8FNikSCn58i1jtccj7XR4U9Li4iSzhkFyYlnJ51cQTUwkairz8WMTD4SpKoot8RyTnQA==",
            "cpu": [
                "x64"
            ],
            "dev": true,
            "libc": [
                "musl"
            ],
            "license": "MIT",
            "optional": true,
            "os": [
                "linux"
            ],
            "engines": {
                "node": "^20.19.0 || >=22.12.0"
            }
        },
        "node_modules/@oxc-parser/binding-openharmony-arm64": {
            "version": "0.139.0",
            "resolved": "https://registry.npmjs.org/@oxc-parser/binding-openharmony-arm64/-/binding-openharmony-arm64-0.139.0.tgz",
            "integrity": "sha512-b/c2+mPXMOxG5x16n8yf9cjor/ntQQScmYnSmLEWIWJ4rfXd5dokMxx0kliSLA+YAGq6DD3K9BWi+aFXHiiV1w==",
            "cpu": [
                "arm64"
            ],
            "dev": true,
            "license": "MIT",
            "optional": true,
            "os": [
                "openharmony"
            ],
            "engines": {
                "node": "^20.19.0 || >=22.12.0"
            }
        },
        "node_modules/@oxc-parser/binding-wasm32-wasi": {
            "version": "0.139.0",
            "resolved": "https://registry.npmjs.org/@oxc-parser/binding-wasm32-wasi/-/binding-wasm32-wasi-0.139.0.tgz",
            "integrity": "sha512-rNU0pO+/CVPC2qZ+xtX5R2cOje9Q75q3UkfgwUCPlplqxMv6Iffd5tMPGVMCLGnPINxPlmi0WPsW94HltbYvfQ==",
            "cpu": [
                "wasm32"
            ],
            "dev": true,
            "license": "MIT",
            "optional": true,
            "dependencies": {
                "@emnapi/core": "1.11.1",
                "@emnapi/runtime": "1.11.1",
                "@napi-rs/wasm-runtime": "^1.1.6"
            },
            "engines": {
                "node": "^20.19.0 || >=22.12.0"
            }
        },
        "node_modules/@oxc-parser/binding-win32-arm64-msvc": {
            "version": "0.139.0",
            "resolved": "https://registry.npmjs.org/@oxc-parser/binding-win32-arm64-msvc/-/binding-win32-arm64-msvc-0.139.0.tgz",
            "integrity": "sha512-JPEmfncZfqAFiGsAN6UZSMIBqnG8wn8buywRacFOWjP+9dZwcs03SsBp4tmyjM/4l/VoH/IuThrW1Jof3OyQUw==",
            "cpu": [
                "arm64"
            ],
            "dev": true,
            "license": "MIT",
            "optional": true,
            "os": [
                "win32"
            ],
            "engines": {
                "node": "^20.19.0 || >=22.12.0"
            }
        },
        "node_modules/@oxc-parser/binding-win32-ia32-msvc": {
            "version": "0.139.0",
            "resolved": "https://registry.npmjs.org/@oxc-parser/binding-win32-ia32-msvc/-/binding-win32-ia32-msvc-0.139.0.tgz",
            "integrity": "sha512-c06dWBwEnFHof5JN7T9/ts23uATXS9czPEBO60d4xnjH2Am29Bo7OGKdVHRmcWQnw0OBxlTg9fIEXAvtcwOBfw==",
            "cpu": [
                "ia32"
            ],
            "dev": true,
            "license": "MIT",
            "optional": true,
            "os": [
                "win32"
            ],
            "engines": {
                "node": "^20.19.0 || >=22.12.0"
            }
        },
        "node_modules/@oxc-parser/binding-win32-x64-msvc": {
            "version": "0.139.0",
            "resolved": "https://registry.npmjs.org/@oxc-parser/binding-win32-x64-msvc/-/binding-win32-x64-msvc-0.139.0.tgz",
            "integrity": "sha512-bI3/44urQjW/D495JPXe+c9d+4Q+ONi3DvDNnzwRZYTWHZ3hAlFdmirYK4mzhTfCZiAly02EbMYir7QGU+9O2Q==",
            "cpu": [
                "x64"
            ],
            "dev": true,
            "license": "MIT",
            "optional": true,
            "os": [
                "win32"
            ],
            "engines": {
                "node": "^20.19.0 || >=22.12.0"
            }
        },
        "node_modules/@oxc-project/types": {
            "version": "0.139.0",
            "resolved": "https://registry.npmjs.org/@oxc-project/types/-/types-0.139.0.tgz",
            "integrity": "sha512-r9gHphtCs+1M7J0pw6Sn/hh/Wpa/iQrOOkrNAlVLF/gHq+/CJmHIWKKUUhdWjcD6CIa8idarspCsASiXCXvFUw==",
            "dev": true,
            "license": "MIT",
            "funding": {
                "url": "https://github.com/sponsors/Boshen"
            }
        },
        "node_modules/@prettier/plugin-oxc": {
            "version": "0.2.2",
            "resolved": "https://registry.npmjs.org/@prettier/plugin-oxc/-/plugin-oxc-0.2.2.tgz",
            "integrity": "sha512-yscDcAuDtvOfE0c8i8UVP+hjK43VIPpwfMv+73mdkpy12rZWnk5Kl6N6pUneQmaZ3PKTg611zemBHFpMjp9ZnQ==",
            "dev": true,
            "license": "MIT",
            "dependencies": {
                "oxc-parser": "0.139.0"
            },
            "engines": {
                "node": ">=14"
            },
            "funding": {
                "url": "https://github.com/prettier/prettier?sponsor=1"
            }
        },
        "node_modules/@prettier/plugin-xml": {
            "version": "3.4.2",
            "dev": true,
            "license": "MIT",
            "dependencies": {
                "@xml-tools/parser": "^1.0.11"
            },
            "peerDependencies": {
                "prettier": "^3.0.0"
            }
        },
        "node_modules/@reteps/dockerfmt": {
            "version": "0.5.4",
            "resolved": "https://registry.npmjs.org/@reteps/dockerfmt/-/dockerfmt-0.5.4.tgz",
            "integrity": "sha512-HEGgXVVOb+JtGUSSzXl/XPKFIZjMDTUoHarCjaQdkY+cb5M9K/O3b5xm+x0IPIk3SfHurbc0bSgcFsQlzjitxA==",
            "dev": true,
            "license": "MIT",
            "bin": {
                "dockerfmt": "dist/launcher.js"
            },
            "engines": {
                "node": "^v12.20.0 || ^14.13.0 || >=16.0.0"
            },
            "optionalDependencies": {
                "@reteps/dockerfmt-darwin-arm64": "0.5.4",
                "@reteps/dockerfmt-darwin-x64": "0.5.4",
                "@reteps/dockerfmt-linux-arm64": "0.5.4",
                "@reteps/dockerfmt-linux-x64": "0.5.4"
            }
        },
        "node_modules/@reteps/dockerfmt-darwin-arm64": {
            "version": "0.5.4",
            "resolved": "https://registry.npmjs.org/@reteps/dockerfmt-darwin-arm64/-/dockerfmt-darwin-arm64-0.5.4.tgz",
            "integrity": "sha512-urMqV+dQyvVI8/WrXwClX9e1PEyS35wFdwJjpZYmL09AkV4Io5U1oam8UBKK7jZk0+YsdF88ay6e86Kn6DIyQg==",
            "cpu": [
                "arm64"
            ],
            "dev": true,
            "license": "MIT",
            "optional": true,
            "os": [
                "darwin"
            ]
        },
        "node_modules/@reteps/dockerfmt-darwin-x64": {
            "version": "0.5.4",
            "resolved": "https://registry.npmjs.org/@reteps/dockerfmt-darwin-x64/-/dockerfmt-darwin-x64-0.5.4.tgz",
            "integrity": "sha512-fJORy6DFxbgDiMqxpLTPZlb5KUY0Vq0iR4NGnyKnuYZ9LdZUS508DK2kt/AJ87/jIKNV1qRG0JXG1Tc6xdvWjw==",
            "cpu": [
                "x64"
            ],
            "dev": true,
            "license": "MIT",
            "optional": true,
            "os": [
                "darwin"
            ]
        },
        "node_modules/@reteps/dockerfmt-linux-arm64": {
            "version": "0.5.4",
            "resolved": "https://registry.npmjs.org/@reteps/dockerfmt-linux-arm64/-/dockerfmt-linux-arm64-0.5.4.tgz",
            "integrity": "sha512-6pVakO06eXtDuvxy1Dnjs/gQyUoGGycle8PRSt5IFRwLi/AVaOQwfkfmW0WP8VH9wNUeti6BfJ3ksTn2G+XMxg==",
            "cpu": [
                "arm64"
            ],
            "dev": true,
            "license": "MIT",
            "optional": true,
            "os": [
                "linux"
            ]
        },
        "node_modules/@reteps/dockerfmt-linux-x64": {
            "version": "0.5.4",
            "resolved": "https://registry.npmjs.org/@reteps/dockerfmt-linux-x64/-/dockerfmt-linux-x64-0.5.4.tgz",
            "integrity": "sha512-OD6SIlUV1D4TgJoTui3FMBAZsGbTSPYsiT0BKhD6jMUcJb3GpFTa7dY9rL8rP9FUqfL7OTHVUGUOL4Rh64Olog==",
            "cpu": [
                "x64"
            ],
            "dev": true,
            "license": "MIT",
            "optional": true,
            "os": [
                "linux"
            ]
        },
        "node_modules/@standard-config/prettier": {
            "version": "1.18.0",
            "resolved": "https://registry.npmjs.org/@standard-config/prettier/-/prettier-1.18.0.tgz",
            "integrity": "sha512-aUMZWUqchK2jYV3azUbvgiURN+XzZUEwSeq05o2mgpIOW7WIsuIQcThzF1AA+JjfaS0RqlAca6Knn6qqwnL+3Q==",
            "dev": true,
            "license": "MIT",
            "dependencies": {
                "@prettier/plugin-oxc": "^0.2.2",
                "prettier-plugin-expand-json": "^1.0.5",
                "prettier-plugin-markdown-html": "^1.4.1",
                "prettier-plugin-pkg": "^0.22.1",
                "prettier-plugin-sh": "^0.19.0",
                "prettier-plugin-sort-json": "^4.2.0",
                "prettier-plugin-yaml": "^1.2.0"
            },
            "engines": {
                "node": ">=20"
            },
            "peerDependencies": {
                "prettier": "^3.9.0"
            }
        },
        "node_modules/@taplo/core": {
            "version": "0.2.0",
            "resolved": "https://registry.npmjs.org/@taplo/core/-/core-0.2.0.tgz",
            "integrity": "sha512-r8bl54Zj1In3QLkiW/ex694bVzpPJ9EhwqT9xkcUVODnVUGirdB1JTsmiIv0o1uwqZiwhi8xNnTOQBRQCpizrQ==",
            "dev": true,
            "license": "MIT"
        },
        "node_modules/@taplo/lib": {
            "version": "0.5.0",
            "resolved": "https://registry.npmjs.org/@taplo/lib/-/lib-0.5.0.tgz",
            "integrity": "sha512-+xIqpQXJco3T+VGaTTwmhxLa51qpkQxCjRwezjFZgr+l21ExlywJFcDfTrNmL6lG6tqb0h8GyJKO3UPGPtSCWg==",
            "dev": true,
            "license": "MIT",
            "dependencies": {
                "@taplo/core": "^0.2.0"
            }
        },
        "node_modules/@tybys/wasm-util": {
            "version": "0.10.3",
            "resolved": "https://registry.npmjs.org/@tybys/wasm-util/-/wasm-util-0.10.3.tgz",
            "integrity": "sha512-F3fo1MYrRJYL3zER0OUOmkutjr1Vp23m7OsSgp7nq4SP6OqX6C/56XFIPAl5bt3zaBRjmW7SGz3u/6LwFpYcOg==",
            "dev": true,
            "license": "MIT",
            "optional": true,
            "dependencies": {
                "tslib": "^2.4.0"
            }
        },
        "node_modules/@xml-tools/parser": {
            "version": "1.0.11",
            "dev": true,
            "license": "Apache-2.0",
            "dependencies": {
                "chevrotain": "7.1.1"
            }
        },
        "node_modules/@xml-tools/parser/node_modules/chevrotain": {
            "version": "7.1.1",
            "resolved": "https://registry.npmjs.org/chevrotain/-/chevrotain-7.1.1.tgz",
            "integrity": "sha512-wy3mC1x4ye+O+QkEinVJkPf5u2vsrDIYW9G7ZuwFl6v/Yu0LwUuT2POsb+NUWApebyxfkQq6+yDfRExbnI5rcw==",
            "dev": true,
            "license": "Apache-2.0",
            "dependencies": {
                "regexp-to-ast": "0.5.0"
            }
        },
        "node_modules/chevrotain": {
            "version": "13.2.0",
            "resolved": "https://registry.npmjs.org/chevrotain/-/chevrotain-13.2.0.tgz",
            "integrity": "sha512-GTouk5YzgBxlTPCaDn5q0q2EJKkrYmnPF+HmF8v0Qo4r3iyPG7HJivkN1wthCXZcm3sIcZFpGTRovLPNdJNRCA==",
            "license": "Apache-2.0",
            "dependencies": {
                "@chevrotain/cst-dts-gen": "13.2.0",
                "@chevrotain/gast": "13.2.0",
                "@chevrotain/regexp-to-ast": "13.2.0",
                "@chevrotain/types": "13.2.0",
                "@chevrotain/utils": "13.2.0"
            },
            "engines": {
                "node": ">=22.0.0"
            }
        },
        "node_modules/oxc-parser": {
            "version": "0.139.0",
            "resolved": "https://registry.npmjs.org/oxc-parser/-/oxc-parser-0.139.0.tgz",
            "integrity": "sha512-cf1TKZN+zc0lwqigeyXKzKVk5+vNRe99Or2+wVJsXLdlhJgC+gsIniYDfj/ZEBzCJ8Xm21ZG6YtMbR262CcS2w==",
            "dev": true,
            "license": "MIT",
            "dependencies": {
                "@oxc-project/types": "^0.139.0"
            },
            "engines": {
                "node": "^20.19.0 || >=22.12.0"
            },
            "funding": {
                "url": "https://github.com/sponsors/Boshen"
            },
            "optionalDependencies": {
                "@oxc-parser/binding-android-arm-eabi": "0.139.0",
                "@oxc-parser/binding-android-arm64": "0.139.0",
                "@oxc-parser/binding-darwin-arm64": "0.139.0",
                "@oxc-parser/binding-darwin-x64": "0.139.0",
                "@oxc-parser/binding-freebsd-x64": "0.139.0",
                "@oxc-parser/binding-linux-arm-gnueabihf": "0.139.0",
                "@oxc-parser/binding-linux-arm-musleabihf": "0.139.0",
                "@oxc-parser/binding-linux-arm64-gnu": "0.139.0",
                "@oxc-parser/binding-linux-arm64-musl": "0.139.0",
                "@oxc-parser/binding-linux-ppc64-gnu": "0.139.0",
                "@oxc-parser/binding-linux-riscv64-gnu": "0.139.0",
                "@oxc-parser/binding-linux-riscv64-musl": "0.139.0",
                "@oxc-parser/binding-linux-s390x-gnu": "0.139.0",
                "@oxc-parser/binding-linux-x64-gnu": "0.139.0",
                "@oxc-parser/binding-linux-x64-musl": "0.139.0",
                "@oxc-parser/binding-openharmony-arm64": "0.139.0",
                "@oxc-parser/binding-wasm32-wasi": "0.139.0",
                "@oxc-parser/binding-win32-arm64-msvc": "0.139.0",
                "@oxc-parser/binding-win32-ia32-msvc": "0.139.0",
                "@oxc-parser/binding-win32-x64-msvc": "0.139.0"
            }
        },
        "node_modules/prettier": {
            "version": "3.9.6",
            "resolved": "https://registry.npmjs.org/prettier/-/prettier-3.9.6.tgz",
            "integrity": "sha512-OpN0zzVdiaiAhxpuuj5efpIS4sY9j7bY6uR5mnj5yPzGkdkjNKSJeUThPb60Jw29QuAZgA4o+/iB49kFiaBX6g==",
            "dev": true,
            "license": "MIT",
            "bin": {
                "prettier": "bin/prettier.cjs"
            },
            "engines": {
                "node": ">=14"
            },
            "funding": {
                "url": "https://github.com/prettier/prettier?sponsor=1"
            }
        },
        "node_modules/prettier-plugin-expand-json": {
            "version": "1.0.5",
            "resolved": "https://registry.npmjs.org/prettier-plugin-expand-json/-/prettier-plugin-expand-json-1.0.5.tgz",
            "integrity": "sha512-ggjy4JiQ03+m006D618vMYCKUwfQZVg2/+LHvCRtEHuz6BYK9HMutlBIJSDPdBDAZEP+50bL4/Tz83EdllOsEA==",
            "dev": true,
            "license": "MIT",
            "engines": {
                "node": ">=20"
            },
            "peerDependencies": {
                "prettier": ">=3"
            }
        },
        "node_modules/prettier-plugin-markdown-html": {
            "version": "1.4.1",
            "resolved": "https://registry.npmjs.org/prettier-plugin-markdown-html/-/prettier-plugin-markdown-html-1.4.1.tgz",
            "integrity": "sha512-//5EVnOcF1xx9kutRzUIPwUuTOSgwJW9X6/+Bh+/lJyk8nPlT/1HISlutWhFqjQo1D2X1tLQdd+d3Dum8pfx5w==",
            "dev": true,
            "license": "MIT",
            "engines": {
                "node": ">=20"
            },
            "peerDependencies": {
                "prettier": ">=3"
            }
        },
        "node_modules/prettier-plugin-pkg": {
            "version": "0.22.1",
            "resolved": "https://registry.npmjs.org/prettier-plugin-pkg/-/prettier-plugin-pkg-0.22.1.tgz",
            "integrity": "sha512-l9qnxic48hgTXsvXi9yWWWzovpqkEYo/Ljf8Af7zSkDTNVmLwscXW63IEVMJXH94DyloO8YkogeLheJUzJh/ZQ==",
            "dev": true,
            "license": "MPL-2.0",
            "engines": {
                "node": "^14.18.0 || >=16.0.0"
            },
            "funding": {
                "url": "https://opencollective.com/unts"
            },
            "peerDependencies": {
                "prettier": "^3.0.3"
            }
        },
        "node_modules/prettier-plugin-powershell": {
            "version": "2.1.10",
            "resolved": "https://registry.npmjs.org/prettier-plugin-powershell/-/prettier-plugin-powershell-2.1.10.tgz",
            "integrity": "sha512-+8VtfYthhE973AHlmhwfi/nySjvf8vnbogxaJimWvkItfMZodyNb5Ns7obvcv7W16tIKMZpuJk9G7W0hr0OvQQ==",
            "dev": true,
            "license": "MIT",
            "dependencies": {
                "ts-extras": "^1.3.0",
                "type-fest": "^5.8.0"
            },
            "engines": {
                "node": ">=20.11.0"
            },
            "peerDependencies": {
                "prettier": "^3.0.0 || ^3.9.0",
                "typescript": "^6.0.3"
            }
        },
        "node_modules/prettier-plugin-sh": {
            "version": "0.19.0",
            "resolved": "https://registry.npmjs.org/prettier-plugin-sh/-/prettier-plugin-sh-0.19.0.tgz",
            "integrity": "sha512-39VXFZH/cOGtcuu8aeSvqp/hhwomOR4QroZUj+jBz2cNb3os9s0sqFZSNlYts6jdtLLDU7D2YT3Z1+abtb7adQ==",
            "dev": true,
            "license": "MIT",
            "dependencies": {
                "@reteps/dockerfmt": "^0.5.4",
                "sh-syntax": "^0.6.0"
            },
            "engines": {
                "node": ">=16.0.0"
            },
            "funding": {
                "url": "https://opencollective.com/unts"
            },
            "peerDependencies": {
                "prettier": "^3.6.0"
            }
        },
        "node_modules/prettier-plugin-sort-json": {
            "version": "4.2.0",
            "resolved": "https://registry.npmjs.org/prettier-plugin-sort-json/-/prettier-plugin-sort-json-4.2.0.tgz",
            "integrity": "sha512-jK1w3/7otTvHtv1eoLji2U9mEoOGeyl7QQQ/afLnjht1YtRLSUUk8o0rIIC/HUVXhoGPCFe4SVZbRGYjjUVgvA==",
            "dev": true,
            "license": "MIT",
            "engines": {
                "node": ">=18.0.0"
            },
            "peerDependencies": {
                "prettier": "^3.0.0"
            }
        },
        "node_modules/prettier-plugin-toml": {
            "version": "2.0.6",
            "resolved": "https://registry.npmjs.org/prettier-plugin-toml/-/prettier-plugin-toml-2.0.6.tgz",
            "integrity": "sha512-12N/wBuHa9jd/KVy9pRP20NMKxQfQLMseQCt66lIbLaPLItvGUcSIryE1eZZMJ7loSws6Ig3M2Elc2EreNh76w==",
            "dev": true,
            "license": "MIT",
            "dependencies": {
                "@taplo/lib": "^0.5.0"
            },
            "engines": {
                "node": ">=16.0.0"
            },
            "funding": {
                "url": "https://opencollective.com/unts"
            },
            "peerDependencies": {
                "prettier": "^3.0.3"
            }
        },
        "node_modules/prettier-plugin-yaml": {
            "version": "1.2.0",
            "resolved": "https://registry.npmjs.org/prettier-plugin-yaml/-/prettier-plugin-yaml-1.2.0.tgz",
            "integrity": "sha512-9++NCJDZrMG+CYtxtZMmfa8bW57Hlb/yaGJstiV9oFEbe3s76GQWmkHwu4XlnoSjdyc3HfS1IGNOXmVBxWSqAg==",
            "dev": true,
            "license": "MIT",
            "dependencies": {
                "yaml": "^2.9.0"
            },
            "engines": {
                "node": ">=20"
            },
            "peerDependencies": {
                "prettier": ">=3"
            }
        },
        "node_modules/regexp-to-ast": {
            "version": "0.5.0",
            "license": "MIT"
        },
        "node_modules/sh-syntax": {
            "version": "0.6.0",
            "resolved": "https://registry.npmjs.org/sh-syntax/-/sh-syntax-0.6.0.tgz",
            "integrity": "sha512-52VK6z/cdZHv7UURjIcwfBUQZrAhIEEe0bY4lrkfypjnFIKsDZdD3Uaz/dBiw/sF8BeX0Mssv140s8EnrsJ9dQ==",
            "dev": true,
            "license": "MIT",
            "engines": {
                "node": ">=16.0.0"
            },
            "funding": {
                "url": "https://opencollective.com/sh-syntax"
            }
        },
        "node_modules/tagged-tag": {
            "version": "1.0.0",
            "resolved": "https://registry.npmjs.org/tagged-tag/-/tagged-tag-1.0.0.tgz",
            "integrity": "sha512-yEFYrVhod+hdNyx7g5Bnkkb0G6si8HJurOoOEgC8B/O0uXLHlaey/65KRv6cuWBNhBgHKAROVpc7QyYqE5gFng==",
            "dev": true,
            "license": "MIT",
            "engines": {
                "node": ">=20"
            },
            "funding": {
                "url": "https://github.com/sponsors/sindresorhus"
            }
        },
        "node_modules/ts-extras": {
            "version": "1.3.0",
            "resolved": "https://registry.npmjs.org/ts-extras/-/ts-extras-1.3.0.tgz",
            "integrity": "sha512-2o31AwfP5q7Sa0RN/KaSNBFkw0jRnWsqUY4W4SwBWrxbge9J6t9YBvJIRX2ZyVhpGj4zE5UYwNzTTBnIHeaDew==",
            "dev": true,
            "license": "MIT",
            "dependencies": {
                "type-fest": "^5.0.1"
            },
            "engines": {
                "node": ">=20"
            },
            "funding": {
                "url": "https://github.com/sponsors/sindresorhus"
            }
        },
        "node_modules/tslib": {
            "version": "2.8.1",
            "resolved": "https://registry.npmjs.org/tslib/-/tslib-2.8.1.tgz",
            "integrity": "sha512-oJFu94HQb+KVduSUQL7wnpmqnfmLsOA/nAh6b6EH0wCEoK0/mPeXU6c3wKDV83MkOuHPRHtSXKKU99IBazS/2w==",
            "dev": true,
            "license": "0BSD",
            "optional": true
        },
        "node_modules/type-fest": {
            "version": "5.8.0",
            "resolved": "https://registry.npmjs.org/type-fest/-/type-fest-5.8.0.tgz",
            "integrity": "sha512-YGYEVz3Fm5iy/AybuA0oyNFq7H4CgQNfRp/qfe8nurE1kuCeNm3/vfm9X4Mtl+qLyaKJUh5xrFZwogr41SMjYA==",
            "dev": true,
            "license": "(MIT OR CC0-1.0)",
            "dependencies": {
                "tagged-tag": "^1.0.0"
            },
            "engines": {
                "node": ">=20"
            },
            "funding": {
                "url": "https://github.com/sponsors/sindresorhus"
            }
        },
        "node_modules/typescript": {
            "version": "6.0.3",
            "resolved": "https://registry.npmjs.org/typescript/-/typescript-6.0.3.tgz",
            "integrity": "sha512-y2TvuxSZPDyQakkFRPZHKFm+KKVqIisdg9/CZwm9ftvKXLP8NRWj38/ODjNbr43SsoXqNuAisEf1GdCxqWcdBw==",
            "dev": true,
            "license": "Apache-2.0",
            "peer": true,
            "bin": {
                "tsc": "bin/tsc",
                "tsserver": "bin/tsserver"
            },
            "engines": {
                "node": ">=14.17"
            }
        },
        "node_modules/yaml": {
            "version": "2.9.0",
            "resolved": "https://registry.npmjs.org/yaml/-/yaml-2.9.0.tgz",
            "integrity": "sha512-2AvhNX3mb8zd6Zy7INTtSpl1F15HW6Wnqj0srWlkKLcpYl/gMIMJiyuGq2KeI2YFxUPjdlB+3Lc10seMLtL4cA==",
            "dev": true,
            "license": "ISC",
            "bin": {
                "yaml": "bin.mjs"
            },
            "engines": {
                "node": ">= 14.6"
            },
            "funding": {
                "url": "https://github.com/sponsors/eemeli"
            }
        }
    }
}
