
Microsoft Visual Studio Solution File, Format Version 12.00
# Visual Studio Version 16
VisualStudioVersion = 16.0.29006.145
MinimumVisualStudioVersion = 15.0.26124.0
Project("{2150E333-8FDC-42A3-9474-1A3956D46DE8}") = "src", "src", "{8FFDF555-DB50-45F9-9A2D-6410F39151C3}"
	ProjectSection(SolutionItems) = preProject
		src\Directory.Build.props = src\Directory.Build.props
		src\Directory.Build.targets = src\Directory.Build.targets
	EndProjectSection
EndProject
Project("{2150E333-8FDC-42A3-9474-1A3956D46DE8}") = "test", "test", "{DF33E0FB-9790-4654-B60F-8AB22E0CC3D1}"
	ProjectSection(SolutionItems) = preProject
		test\Directory.Build.props = test\Directory.Build.props
		test\Directory.Build.targets = test\Directory.Build.targets
	EndProjectSection
EndProject
Project("{9A19103F-16F7-4668-BE54-9A1E7A4F7556}") = ".build", ".build\.build.csproj", "{55EFAE2F-A7CA-4917-A381-4A6EF5E79610}"
EndProject
Project("{2150E333-8FDC-42A3-9474-1A3956D46DE8}") = ".build", ".build", "{E3DCB78E-EE06-4EA3-88AC-762D8910387C}"
EndProject
Project("{9A19103F-16F7-4668-BE54-9A1E7A4F7556}") = "Rocket.Surgery.Extensions.Testing", "src\Testing\Rocket.Surgery.Extensions.Testing.csproj", "{488EEFB7-E90B-4756-9E8A-E47A02D66776}"
EndProject
Project("{9A19103F-16F7-4668-BE54-9A1E7A4F7556}") = "Rocket.Surgery.Extensions.Testing.Coverlet", "src\Testing.Coverlet\Rocket.Surgery.Extensions.Testing.Coverlet.csproj", "{A86ADCFA-37A4-4F91-B512-08B5C85BB0A1}"
EndProject
Project("{9A19103F-16F7-4668-BE54-9A1E7A4F7556}") = "Rocket.Surgery.Extensions.Testing.Fixtures", "src\Testing.Fixtures\Rocket.Surgery.Extensions.Testing.Fixtures.csproj", "{3CBDC240-0C29-4D62-B8EF-53907D14EDDA}"
EndProject
Project("{9A19103F-16F7-4668-BE54-9A1E7A4F7556}") = "Rocket.Surgery.Extensions.Testing.Fixtures.Tests", "test\Testing.Fixtures.Tests\Rocket.Surgery.Extensions.Testing.Fixtures.Tests.csproj", "{D70648B5-C21A-4F71-8DFC-B39F4D0FA950}"
EndProject
Project("{9A19103F-16F7-4668-BE54-9A1E7A4F7556}") = "Rocket.Surgery.Extensions.Testing.Tests", "test\Testing.Tests\Rocket.Surgery.Extensions.Testing.Tests.csproj", "{C824FF8B-0B82-461F-8D1F-28769D32D188}"
EndProject
Project("{9A19103F-16F7-4668-BE54-9A1E7A4F7556}") = "Rocket.Surgery.Extensions.Testing.Moq", "src\Testing.Moq\Rocket.Surgery.Extensions.Testing.Moq.csproj", "{6016D53B-90FA-4223-BE4A-0CC6AB9CBD0A}"
EndProject
Project("{9A19103F-16F7-4668-BE54-9A1E7A4F7556}") = "Rocket.Surgery.Extensions.Testing.FakeItEasy", "src\Testing.FakeItEasy\Rocket.Surgery.Extensions.Testing.FakeItEasy.csproj", "{961EE399-F31D-40A9-9559-F9568BCF5088}"
EndProject
Project("{FAE04EC0-301F-11D3-BF4B-00C04F79EFBC}") = "Rocket.Surgery.Extensions.Testing.NSubstitute", "src\Testing.NSubstitute\Rocket.Surgery.Extensions.Testing.NSubstitute.csproj", "{AFEE7BD7-6EAE-41F7-B2F6-0B3EB04F5D4D}"
EndProject
Project("{FAE04EC0-301F-11D3-BF4B-00C04F79EFBC}") = "Rocket.Surgery.Extensions.Testing.XUnit", "src\Testing.XUnit\Rocket.Surgery.Extensions.Testing.XUnit.csproj", "{88A55AFE-EDA6-410C-B576-8B960688D113}"
EndProject
Global
	GlobalSection(SolutionConfigurationPlatforms) = preSolution
		Debug|Any CPU = Debug|Any CPU
		Debug|x64 = Debug|x64
		Debug|x86 = Debug|x86
		Release|Any CPU = Release|Any CPU
		Release|x64 = Release|x64
		Release|x86 = Release|x86
	EndGlobalSection
	GlobalSection(ProjectConfigurationPlatforms) = postSolution
		{55EFAE2F-A7CA-4917-A381-4A6EF5E79610}.Debug|Any CPU.ActiveCfg = Debug|Any CPU
		{55EFAE2F-A7CA-4917-A381-4A6EF5E79610}.Debug|x64.ActiveCfg = Debug|Any CPU
		{55EFAE2F-A7CA-4917-A381-4A6EF5E79610}.Debug|x64.Build.0 = Debug|Any CPU
		{55EFAE2F-A7CA-4917-A381-4A6EF5E79610}.Debug|x86.ActiveCfg = Debug|Any CPU
		{55EFAE2F-A7CA-4917-A381-4A6EF5E79610}.Debug|x86.Build.0 = Debug|Any CPU
		{55EFAE2F-A7CA-4917-A381-4A6EF5E79610}.Release|Any CPU.ActiveCfg = Release|Any CPU
		{55EFAE2F-A7CA-4917-A381-4A6EF5E79610}.Release|x64.ActiveCfg = Release|Any CPU
		{55EFAE2F-A7CA-4917-A381-4A6EF5E79610}.Release|x64.Build.0 = Release|Any CPU
		{55EFAE2F-A7CA-4917-A381-4A6EF5E79610}.Release|x86.ActiveCfg = Release|Any CPU
		{55EFAE2F-A7CA-4917-A381-4A6EF5E79610}.Release|x86.Build.0 = Release|Any CPU
		{488EEFB7-E90B-4756-9E8A-E47A02D66776}.Debug|Any CPU.ActiveCfg = Debug|Any CPU
		{488EEFB7-E90B-4756-9E8A-E47A02D66776}.Debug|Any CPU.Build.0 = Debug|Any CPU
		{488EEFB7-E90B-4756-9E8A-E47A02D66776}.Debug|x64.ActiveCfg = Debug|Any CPU
		{488EEFB7-E90B-4756-9E8A-E47A02D66776}.Debug|x64.Build.0 = Debug|Any CPU
		{488EEFB7-E90B-4756-9E8A-E47A02D66776}.Debug|x86.ActiveCfg = Debug|Any CPU
		{488EEFB7-E90B-4756-9E8A-E47A02D66776}.Debug|x86.Build.0 = Debug|Any CPU
		{488EEFB7-E90B-4756-9E8A-E47A02D66776}.Release|Any CPU.ActiveCfg = Release|Any CPU
		{488EEFB7-E90B-4756-9E8A-E47A02D66776}.Release|Any CPU.Build.0 = Release|Any CPU
		{488EEFB7-E90B-4756-9E8A-E47A02D66776}.Release|x64.ActiveCfg = Release|Any CPU
		{488EEFB7-E90B-4756-9E8A-E47A02D66776}.Release|x64.Build.0 = Release|Any CPU
		{488EEFB7-E90B-4756-9E8A-E47A02D66776}.Release|x86.ActiveCfg = Release|Any CPU
		{488EEFB7-E90B-4756-9E8A-E47A02D66776}.Release|x86.Build.0 = Release|Any CPU
		{A86ADCFA-37A4-4F91-B512-08B5C85BB0A1}.Debug|Any CPU.ActiveCfg = Debug|Any CPU
		{A86ADCFA-37A4-4F91-B512-08B5C85BB0A1}.Debug|Any CPU.Build.0 = Debug|Any CPU
		{A86ADCFA-37A4-4F91-B512-08B5C85BB0A1}.Debug|x64.ActiveCfg = Debug|Any CPU
		{A86ADCFA-37A4-4F91-B512-08B5C85BB0A1}.Debug|x64.Build.0 = Debug|Any CPU
		{A86ADCFA-37A4-4F91-B512-08B5C85BB0A1}.Debug|x86.ActiveCfg = Debug|Any CPU
		{A86ADCFA-37A4-4F91-B512-08B5C85BB0A1}.Debug|x86.Build.0 = Debug|Any CPU
		{A86ADCFA-37A4-4F91-B512-08B5C85BB0A1}.Release|Any CPU.ActiveCfg = Release|Any CPU
		{A86ADCFA-37A4-4F91-B512-08B5C85BB0A1}.Release|Any CPU.Build.0 = Release|Any CPU
		{A86ADCFA-37A4-4F91-B512-08B5C85BB0A1}.Release|x64.ActiveCfg = Release|Any CPU
		{A86ADCFA-37A4-4F91-B512-08B5C85BB0A1}.Release|x64.Build.0 = Release|Any CPU
		{A86ADCFA-37A4-4F91-B512-08B5C85BB0A1}.Release|x86.ActiveCfg = Release|Any CPU
		{A86ADCFA-37A4-4F91-B512-08B5C85BB0A1}.Release|x86.Build.0 = Release|Any CPU
		{3CBDC240-0C29-4D62-B8EF-53907D14EDDA}.Debug|Any CPU.ActiveCfg = Debug|Any CPU
		{3CBDC240-0C29-4D62-B8EF-53907D14EDDA}.Debug|Any CPU.Build.0 = Debug|Any CPU
		{3CBDC240-0C29-4D62-B8EF-53907D14EDDA}.Debug|x64.ActiveCfg = Debug|Any CPU
		{3CBDC240-0C29-4D62-B8EF-53907D14EDDA}.Debug|x64.Build.0 = Debug|Any CPU
		{3CBDC240-0C29-4D62-B8EF-53907D14EDDA}.Debug|x86.ActiveCfg = Debug|Any CPU
		{3CBDC240-0C29-4D62-B8EF-53907D14EDDA}.Debug|x86.Build.0 = Debug|Any CPU
		{3CBDC240-0C29-4D62-B8EF-53907D14EDDA}.Release|Any CPU.ActiveCfg = Release|Any CPU
		{3CBDC240-0C29-4D62-B8EF-53907D14EDDA}.Release|Any CPU.Build.0 = Release|Any CPU
		{3CBDC240-0C29-4D62-B8EF-53907D14EDDA}.Release|x64.ActiveCfg = Release|Any CPU
		{3CBDC240-0C29-4D62-B8EF-53907D14EDDA}.Release|x64.Build.0 = Release|Any CPU
		{3CBDC240-0C29-4D62-B8EF-53907D14EDDA}.Release|x86.ActiveCfg = Release|Any CPU
		{3CBDC240-0C29-4D62-B8EF-53907D14EDDA}.Release|x86.Build.0 = Release|Any CPU
		{D70648B5-C21A-4F71-8DFC-B39F4D0FA950}.Debug|Any CPU.ActiveCfg = Debug|Any CPU
		{D70648B5-C21A-4F71-8DFC-B39F4D0FA950}.Debug|Any CPU.Build.0 = Debug|Any CPU
		{D70648B5-C21A-4F71-8DFC-B39F4D0FA950}.Debug|x64.ActiveCfg = Debug|Any CPU
		{D70648B5-C21A-4F71-8DFC-B39F4D0FA950}.Debug|x64.Build.0 = Debug|Any CPU
		{D70648B5-C21A-4F71-8DFC-B39F4D0FA950}.Debug|x86.ActiveCfg = Debug|Any CPU
		{D70648B5-C21A-4F71-8DFC-B39F4D0FA950}.Debug|x86.Build.0 = Debug|Any CPU
		{D70648B5-C21A-4F71-8DFC-B39F4D0FA950}.Release|Any CPU.ActiveCfg = Release|Any CPU
		{D70648B5-C21A-4F71-8DFC-B39F4D0FA950}.Release|Any CPU.Build.0 = Release|Any CPU
		{D70648B5-C21A-4F71-8DFC-B39F4D0FA950}.Release|x64.ActiveCfg = Release|Any CPU
		{D70648B5-C21A-4F71-8DFC-B39F4D0FA950}.Release|x64.Build.0 = Release|Any CPU
		{D70648B5-C21A-4F71-8DFC-B39F4D0FA950}.Release|x86.ActiveCfg = Release|Any CPU
		{D70648B5-C21A-4F71-8DFC-B39F4D0FA950}.Release|x86.Build.0 = Release|Any CPU
		{C824FF8B-0B82-461F-8D1F-28769D32D188}.Debug|Any CPU.ActiveCfg = Debug|Any CPU
		{C824FF8B-0B82-461F-8D1F-28769D32D188}.Debug|Any CPU.Build.0 = Debug|Any CPU
		{C824FF8B-0B82-461F-8D1F-28769D32D188}.Debug|x64.ActiveCfg = Debug|Any CPU
		{C824FF8B-0B82-461F-8D1F-28769D32D188}.Debug|x64.Build.0 = Debug|Any CPU
		{C824FF8B-0B82-461F-8D1F-28769D32D188}.Debug|x86.ActiveCfg = Debug|Any CPU
		{C824FF8B-0B82-461F-8D1F-28769D32D188}.Debug|x86.Build.0 = Debug|Any CPU
		{C824FF8B-0B82-461F-8D1F-28769D32D188}.Release|Any CPU.ActiveCfg = Release|Any CPU
		{C824FF8B-0B82-461F-8D1F-28769D32D188}.Release|Any CPU.Build.0 = Release|Any CPU
		{C824FF8B-0B82-461F-8D1F-28769D32D188}.Release|x64.ActiveCfg = Release|Any CPU
		{C824FF8B-0B82-461F-8D1F-28769D32D188}.Release|x64.Build.0 = Release|Any CPU
		{C824FF8B-0B82-461F-8D1F-28769D32D188}.Release|x86.ActiveCfg = Release|Any CPU
		{C824FF8B-0B82-461F-8D1F-28769D32D188}.Release|x86.Build.0 = Release|Any CPU
		{6016D53B-90FA-4223-BE4A-0CC6AB9CBD0A}.Debug|Any CPU.ActiveCfg = Debug|Any CPU
		{6016D53B-90FA-4223-BE4A-0CC6AB9CBD0A}.Debug|Any CPU.Build.0 = Debug|Any CPU
		{6016D53B-90FA-4223-BE4A-0CC6AB9CBD0A}.Debug|x64.ActiveCfg = Debug|Any CPU
		{6016D53B-90FA-4223-BE4A-0CC6AB9CBD0A}.Debug|x64.Build.0 = Debug|Any CPU
		{6016D53B-90FA-4223-BE4A-0CC6AB9CBD0A}.Debug|x86.ActiveCfg = Debug|Any CPU
		{6016D53B-90FA-4223-BE4A-0CC6AB9CBD0A}.Debug|x86.Build.0 = Debug|Any CPU
		{6016D53B-90FA-4223-BE4A-0CC6AB9CBD0A}.Release|Any CPU.ActiveCfg = Release|Any CPU
		{6016D53B-90FA-4223-BE4A-0CC6AB9CBD0A}.Release|Any CPU.Build.0 = Release|Any CPU
		{6016D53B-90FA-4223-BE4A-0CC6AB9CBD0A}.Release|x64.ActiveCfg = Release|Any CPU
		{6016D53B-90FA-4223-BE4A-0CC6AB9CBD0A}.Release|x64.Build.0 = Release|Any CPU
		{6016D53B-90FA-4223-BE4A-0CC6AB9CBD0A}.Release|x86.ActiveCfg = Release|Any CPU
		{6016D53B-90FA-4223-BE4A-0CC6AB9CBD0A}.Release|x86.Build.0 = Release|Any CPU
		{961EE399-F31D-40A9-9559-F9568BCF5088}.Debug|Any CPU.ActiveCfg = Debug|Any CPU
		{961EE399-F31D-40A9-9559-F9568BCF5088}.Debug|Any CPU.Build.0 = Debug|Any CPU
		{961EE399-F31D-40A9-9559-F9568BCF5088}.Debug|x64.ActiveCfg = Debug|Any CPU
		{961EE399-F31D-40A9-9559-F9568BCF5088}.Debug|x64.Build.0 = Debug|Any CPU
		{961EE399-F31D-40A9-9559-F9568BCF5088}.Debug|x86.ActiveCfg = Debug|Any CPU
		{961EE399-F31D-40A9-9559-F9568BCF5088}.Debug|x86.Build.0 = Debug|Any CPU
		{961EE399-F31D-40A9-9559-F9568BCF5088}.Release|Any CPU.ActiveCfg = Release|Any CPU
		{961EE399-F31D-40A9-9559-F9568BCF5088}.Release|Any CPU.Build.0 = Release|Any CPU
		{961EE399-F31D-40A9-9559-F9568BCF5088}.Release|x64.ActiveCfg = Release|Any CPU
		{961EE399-F31D-40A9-9559-F9568BCF5088}.Release|x64.Build.0 = Release|Any CPU
		{961EE399-F31D-40A9-9559-F9568BCF5088}.Release|x86.ActiveCfg = Release|Any CPU
		{961EE399-F31D-40A9-9559-F9568BCF5088}.Release|x86.Build.0 = Release|Any CPU
		{AFEE7BD7-6EAE-41F7-B2F6-0B3EB04F5D4D}.Debug|Any CPU.ActiveCfg = Debug|Any CPU
		{AFEE7BD7-6EAE-41F7-B2F6-0B3EB04F5D4D}.Debug|Any CPU.Build.0 = Debug|Any CPU
		{AFEE7BD7-6EAE-41F7-B2F6-0B3EB04F5D4D}.Debug|x64.ActiveCfg = Debug|Any CPU
		{AFEE7BD7-6EAE-41F7-B2F6-0B3EB04F5D4D}.Debug|x64.Build.0 = Debug|Any CPU
		{AFEE7BD7-6EAE-41F7-B2F6-0B3EB04F5D4D}.Debug|x86.ActiveCfg = Debug|Any CPU
		{AFEE7BD7-6EAE-41F7-B2F6-0B3EB04F5D4D}.Debug|x86.Build.0 = Debug|Any CPU
		{AFEE7BD7-6EAE-41F7-B2F6-0B3EB04F5D4D}.Release|Any CPU.ActiveCfg = Release|Any CPU
		{AFEE7BD7-6EAE-41F7-B2F6-0B3EB04F5D4D}.Release|Any CPU.Build.0 = Release|Any CPU
		{AFEE7BD7-6EAE-41F7-B2F6-0B3EB04F5D4D}.Release|x64.ActiveCfg = Release|Any CPU
		{AFEE7BD7-6EAE-41F7-B2F6-0B3EB04F5D4D}.Release|x64.Build.0 = Release|Any CPU
		{AFEE7BD7-6EAE-41F7-B2F6-0B3EB04F5D4D}.Release|x86.ActiveCfg = Release|Any CPU
		{AFEE7BD7-6EAE-41F7-B2F6-0B3EB04F5D4D}.Release|x86.Build.0 = Release|Any CPU
		{88A55AFE-EDA6-410C-B576-8B960688D113}.Debug|Any CPU.ActiveCfg = Debug|Any CPU
		{88A55AFE-EDA6-410C-B576-8B960688D113}.Debug|Any CPU.Build.0 = Debug|Any CPU
		{88A55AFE-EDA6-410C-B576-8B960688D113}.Debug|x64.ActiveCfg = Debug|Any CPU
		{88A55AFE-EDA6-410C-B576-8B960688D113}.Debug|x64.Build.0 = Debug|Any CPU
		{88A55AFE-EDA6-410C-B576-8B960688D113}.Debug|x86.ActiveCfg = Debug|Any CPU
		{88A55AFE-EDA6-410C-B576-8B960688D113}.Debug|x86.Build.0 = Debug|Any CPU
		{88A55AFE-EDA6-410C-B576-8B960688D113}.Release|Any CPU.ActiveCfg = Release|Any CPU
		{88A55AFE-EDA6-410C-B576-8B960688D113}.Release|Any CPU.Build.0 = Release|Any CPU
		{88A55AFE-EDA6-410C-B576-8B960688D113}.Release|x64.ActiveCfg = Release|Any CPU
		{88A55AFE-EDA6-410C-B576-8B960688D113}.Release|x64.Build.0 = Release|Any CPU
		{88A55AFE-EDA6-410C-B576-8B960688D113}.Release|x86.ActiveCfg = Release|Any CPU
		{88A55AFE-EDA6-410C-B576-8B960688D113}.Release|x86.Build.0 = Release|Any CPU
	EndGlobalSection
	GlobalSection(SolutionProperties) = preSolution
		HideSolutionNode = FALSE
	EndGlobalSection
	GlobalSection(NestedProjects) = preSolution
		{55EFAE2F-A7CA-4917-A381-4A6EF5E79610} = {E3DCB78E-EE06-4EA3-88AC-762D8910387C}
		{488EEFB7-E90B-4756-9E8A-E47A02D66776} = {8FFDF555-DB50-45F9-9A2D-6410F39151C3}
		{A86ADCFA-37A4-4F91-B512-08B5C85BB0A1} = {8FFDF555-DB50-45F9-9A2D-6410F39151C3}
		{3CBDC240-0C29-4D62-B8EF-53907D14EDDA} = {8FFDF555-DB50-45F9-9A2D-6410F39151C3}
		{D70648B5-C21A-4F71-8DFC-B39F4D0FA950} = {DF33E0FB-9790-4654-B60F-8AB22E0CC3D1}
		{C824FF8B-0B82-461F-8D1F-28769D32D188} = {DF33E0FB-9790-4654-B60F-8AB22E0CC3D1}
		{6016D53B-90FA-4223-BE4A-0CC6AB9CBD0A} = {8FFDF555-DB50-45F9-9A2D-6410F39151C3}
		{961EE399-F31D-40A9-9559-F9568BCF5088} = {8FFDF555-DB50-45F9-9A2D-6410F39151C3}
		{AFEE7BD7-6EAE-41F7-B2F6-0B3EB04F5D4D} = {8FFDF555-DB50-45F9-9A2D-6410F39151C3}
		{88A55AFE-EDA6-410C-B576-8B960688D113} = {8FFDF555-DB50-45F9-9A2D-6410F39151C3}
	EndGlobalSection
	GlobalSection(ExtensibilityGlobals) = postSolution
		SolutionGuid = {439897C2-CCBD-44FE-B2DC-A3E4670ADA59}
	EndGlobalSection
EndGlobal
