# @generated - this file is auto-generated by `mise lock` https://mise.jdx.dev/dev-tools/mise-lock.html

lockfile_version = 2

[[tools.actionlint]]
version = "1.7.12"
backend = "aqua:rhysd/actionlint"
specifiers = ["1.7.12"]

[tools.actionlint."platforms.linux-arm64"]
checksum = "sha256:325e971b6ba9bfa504672e29be93c24981eeb1c07576d730e9f7c8805afff0c6"
url = "https://github.com/rhysd/actionlint/releases/download/v1.7.12/actionlint_1.7.12_linux_arm64.tar.gz"
url_api = "https://api.github.com/repos/rhysd/actionlint/releases/assets/384924897"
provenance = "github-attestations"

[tools.actionlint."platforms.linux-arm64-musl"]
checksum = "sha256:325e971b6ba9bfa504672e29be93c24981eeb1c07576d730e9f7c8805afff0c6"
url = "https://github.com/rhysd/actionlint/releases/download/v1.7.12/actionlint_1.7.12_linux_arm64.tar.gz"
url_api = "https://api.github.com/repos/rhysd/actionlint/releases/assets/384924897"
provenance = "github-attestations"

[tools.actionlint."platforms.linux-x64"]
checksum = "sha256:8aca8db96f1b94770f1b0d72b6dddcb1ebb8123cb3712530b08cc387b349a3d8"
url = "https://github.com/rhysd/actionlint/releases/download/v1.7.12/actionlint_1.7.12_linux_amd64.tar.gz"
url_api = "https://api.github.com/repos/rhysd/actionlint/releases/assets/384924896"
provenance = "github-attestations"

[tools.actionlint."platforms.linux-x64-musl"]
checksum = "sha256:8aca8db96f1b94770f1b0d72b6dddcb1ebb8123cb3712530b08cc387b349a3d8"
url = "https://github.com/rhysd/actionlint/releases/download/v1.7.12/actionlint_1.7.12_linux_amd64.tar.gz"
url_api = "https://api.github.com/repos/rhysd/actionlint/releases/assets/384924896"
provenance = "github-attestations"

[tools.actionlint."platforms.macos-arm64"]
checksum = "sha256:aba9ced2dee8d27fecca3dc7feb1a7f9a52caefa1eb46f3271ea66b6e0e6953f"
url = "https://github.com/rhysd/actionlint/releases/download/v1.7.12/actionlint_1.7.12_darwin_arm64.tar.gz"
url_api = "https://api.github.com/repos/rhysd/actionlint/releases/assets/384924893"
provenance = "github-attestations"

[tools.actionlint."platforms.macos-x64"]
checksum = "sha256:5b44c3bc2255115c9b69e30efc0fecdf498fdb63c5d58e17084fd5f16324c644"
url = "https://github.com/rhysd/actionlint/releases/download/v1.7.12/actionlint_1.7.12_darwin_amd64.tar.gz"
url_api = "https://api.github.com/repos/rhysd/actionlint/releases/assets/384924880"
provenance = "github-attestations"

[tools.actionlint."platforms.windows-x64"]
checksum = "sha256:6e7241b51e6817ea6a047693d8e6fed13b31819c9a0dd6c5a726e1592d22f6e9"
url = "https://github.com/rhysd/actionlint/releases/download/v1.7.12/actionlint_1.7.12_windows_amd64.zip"
url_api = "https://api.github.com/repos/rhysd/actionlint/releases/assets/384924919"
provenance = "github-attestations"

[[tools.dotnet]]
version = "10.0.301"
backend = "core:dotnet"
specifiers = ["10.0.301"]

[[tools.dotnet]]
version = "8.0.14"
backend = "core:dotnet"
specifiers = ["8.0.14"]

[tools.dotnet.options]
runtime = "dotnet"

[[tools."dotnet:NuGet.Mcp.Server"]]
version = "1.4.3"
backend = "dotnet:NuGet.Mcp.Server"
specifiers = ["1.4.3"]

[[tools."dotnet:codecov.tool"]]
version = "1.13.0"
backend = "dotnet:codecov.tool"
specifiers = ["1.13.0"]

[[tools."dotnet:dotnet-coverage"]]
version = "18.5.1"
backend = "dotnet:dotnet-coverage"
specifiers = ["18.5.1"]

[[tools."dotnet:dotnet-outdated-tool"]]
version = "4.7.0"
backend = "dotnet:dotnet-outdated-tool"
specifiers = ["4.7.0"]

[[tools."dotnet:dotnet-reportgenerator-globaltool"]]
version = "5.5.3"
backend = "dotnet:dotnet-reportgenerator-globaltool"
specifiers = ["5.5.3"]

[[tools."dotnet:gitreleasemanager.tool"]]
version = "0.20.0"
backend = "dotnet:gitreleasemanager.tool"
specifiers = ["0.20.0"]

[[tools."dotnet:gitversion.tool"]]
version = "6.6.0"
backend = "dotnet:gitversion.tool"
specifiers = ["6.6.0"]

[[tools."dotnet:jetbrains.dotcover.commandlinetools"]]
version = "2025.3.3"
backend = "dotnet:jetbrains.dotcover.commandlinetools"
specifiers = ["2025.3.3"]

[[tools."dotnet:jetbrains.dottrace.globaltools"]]
version = "2025.3.3"
backend = "dotnet:jetbrains.dottrace.globaltools"
specifiers = ["2025.3.3"]

[[tools."dotnet:jetbrains.resharper.globaltools"]]
version = "2025.3.3"
backend = "dotnet:jetbrains.resharper.globaltools"
specifiers = ["2025.3.3"]

[[tools."dotnet:verify.tool"]]
version = "0.7.0"
backend = "dotnet:verify.tool"
specifiers = ["0.7.0"]

[[tools."github:eljulians/skillfile"]]
version = "1.7.1"
backend = "github:eljulians/skillfile"
specifiers = ["v1.7.1"]

[tools."github:eljulians/skillfile"."platforms.linux-arm64"]
checksum = "sha256:fdf83b76b39c08f52f11635490945e320eb7bb238a94165e6fb6be2aaa7d0cfd"
url = "https://github.com/eljulians/skillfile/releases/download/v1.7.1/skillfile-aarch64-linux"
url_api = "https://api.github.com/repos/eljulians/skillfile/releases/assets/436173693"

[tools."github:eljulians/skillfile"."platforms.linux-arm64-musl"]
checksum = "sha256:fdf83b76b39c08f52f11635490945e320eb7bb238a94165e6fb6be2aaa7d0cfd"
url = "https://github.com/eljulians/skillfile/releases/download/v1.7.1/skillfile-aarch64-linux"
url_api = "https://api.github.com/repos/eljulians/skillfile/releases/assets/436173693"

[tools."github:eljulians/skillfile"."platforms.linux-x64"]
checksum = "sha256:e8510c363348f175e35c0455f4a3e3b83f20ef9fb65fa68bd7366f20db61f0ab"
url = "https://github.com/eljulians/skillfile/releases/download/v1.7.1/skillfile-x86_64-linux"
url_api = "https://api.github.com/repos/eljulians/skillfile/releases/assets/436173690"

[tools."github:eljulians/skillfile"."platforms.linux-x64-musl"]
checksum = "sha256:e8510c363348f175e35c0455f4a3e3b83f20ef9fb65fa68bd7366f20db61f0ab"
url = "https://github.com/eljulians/skillfile/releases/download/v1.7.1/skillfile-x86_64-linux"
url_api = "https://api.github.com/repos/eljulians/skillfile/releases/assets/436173690"

[tools."github:eljulians/skillfile"."platforms.macos-arm64"]
checksum = "sha256:f764bb9a6baa625c3a7265edbeb73860e780510df4441dfdd363c4b102cad5fb"
url = "https://github.com/eljulians/skillfile/releases/download/v1.7.1/skillfile-aarch64-macos"
url_api = "https://api.github.com/repos/eljulians/skillfile/releases/assets/436173688"

[tools."github:eljulians/skillfile"."platforms.macos-x64"]
checksum = "sha256:08b07fe35744e837921fc9ee0bedd3165289f65d981f9535e680cc2a02ac497a"
url = "https://github.com/eljulians/skillfile/releases/download/v1.7.1/skillfile-x86_64-macos"
url_api = "https://api.github.com/repos/eljulians/skillfile/releases/assets/436173691"

[tools."github:eljulians/skillfile"."platforms.windows-x64"]
checksum = "sha256:246aeae5dfd6019907a9700828aa8782e49515cf5dee0055c11cb9d136ab0bad"
url = "https://github.com/eljulians/skillfile/releases/download/v1.7.1/skillfile-x86_64-windows.exe"
url_api = "https://api.github.com/repos/eljulians/skillfile/releases/assets/436173692"

[[tools."github:microsoft/apm"]]
version = "0.20.0"
backend = "github:microsoft/apm"
specifiers = ["v0.20.0"]

[tools."github:microsoft/apm"."platforms.linux-arm64"]
checksum = "sha256:5cb6762ed291499920cea393e565b22e834c6b0218cc839f593937f2fc3a5509"
url = "https://github.com/microsoft/apm/releases/download/v0.20.0/apm-linux-arm64.tar.gz"
url_api = "https://api.github.com/repos/microsoft/apm/releases/assets/445352441"

[tools."github:microsoft/apm"."platforms.linux-arm64-musl"]
checksum = "sha256:5cb6762ed291499920cea393e565b22e834c6b0218cc839f593937f2fc3a5509"
url = "https://github.com/microsoft/apm/releases/download/v0.20.0/apm-linux-arm64.tar.gz"
url_api = "https://api.github.com/repos/microsoft/apm/releases/assets/445352441"

[tools."github:microsoft/apm"."platforms.linux-x64"]
checksum = "sha256:b993e3297b25034ebc30e41626d4ab1a91dbedf424f4d24a2e55824aa2cd9688"
url = "https://github.com/microsoft/apm/releases/download/v0.20.0/apm-linux-x86_64.tar.gz"
url_api = "https://api.github.com/repos/microsoft/apm/releases/assets/445352439"

[tools."github:microsoft/apm"."platforms.linux-x64-musl"]
checksum = "sha256:b993e3297b25034ebc30e41626d4ab1a91dbedf424f4d24a2e55824aa2cd9688"
url = "https://github.com/microsoft/apm/releases/download/v0.20.0/apm-linux-x86_64.tar.gz"
url_api = "https://api.github.com/repos/microsoft/apm/releases/assets/445352439"

[tools."github:microsoft/apm"."platforms.macos-arm64"]
checksum = "sha256:99dd9ff3d7f32541ee7cd3d80016549ca26cfe198e34911b2c292728b211befd"
url = "https://github.com/microsoft/apm/releases/download/v0.20.0/apm-darwin-arm64.tar.gz"
url_api = "https://api.github.com/repos/microsoft/apm/releases/assets/445352440"

[tools."github:microsoft/apm"."platforms.macos-x64"]
checksum = "sha256:116f4cdc32a647c934edd1539a5a17545a13dba91fb8316327c379883d0d5e08"
url = "https://github.com/microsoft/apm/releases/download/v0.20.0/apm-darwin-x86_64.tar.gz"
url_api = "https://api.github.com/repos/microsoft/apm/releases/assets/445352433"

[tools."github:microsoft/apm"."platforms.windows-x64"]
checksum = "sha256:9c3ffc524c34a63980e893a1226adfbe6464dd8f68559cee802f7367821462dc"
url = "https://github.com/microsoft/apm/releases/download/v0.20.0/apm-windows-x86_64.zip"
url_api = "https://api.github.com/repos/microsoft/apm/releases/assets/445352437"

[[tools."github:yvgude/lean-ctx"]]
version = "3.10.4"
backend = "github:yvgude/lean-ctx"
specifiers = ["v3.10.4"]

[tools."github:yvgude/lean-ctx"."platforms.linux-arm64"]
checksum = "sha256:136e41f5e78136b58811988431dedc4ae26ed2866e125bc5a48134e55958e875"
url = "https://github.com/yvgude/lean-ctx/releases/download/v3.10.4/lean-ctx-aarch64-unknown-linux-gnu.tar.gz"
url_api = "https://api.github.com/repos/yvgude/lean-ctx/releases/assets/590341549"

[tools."github:yvgude/lean-ctx"."platforms.linux-arm64-musl"]
checksum = "sha256:d427a7e66637d16880aae6adc1733a5bd13a041056615789da5ba0efba51e10a"
url = "https://github.com/yvgude/lean-ctx/releases/download/v3.10.4/lean-ctx-aarch64-unknown-linux-musl.tar.gz"
url_api = "https://api.github.com/repos/yvgude/lean-ctx/releases/assets/590341553"

[tools."github:yvgude/lean-ctx"."platforms.linux-x64"]
checksum = "sha256:dd70aeb9e7f6ccc0b1f27f0cb4f7d690f8a8581a2e67231817be61624502f5db"
url = "https://github.com/yvgude/lean-ctx/releases/download/v3.10.4/lean-ctx-x86_64-unknown-linux-gnu.tar.gz"
url_api = "https://api.github.com/repos/yvgude/lean-ctx/releases/assets/590341547"

[tools."github:yvgude/lean-ctx"."platforms.linux-x64-musl"]
checksum = "sha256:8a3d99c72de91edd2b68333e6e5c3ff84e2c54e2589610c749fc928beebfa54f"
url = "https://github.com/yvgude/lean-ctx/releases/download/v3.10.4/lean-ctx-x86_64-unknown-linux-musl.tar.gz"
url_api = "https://api.github.com/repos/yvgude/lean-ctx/releases/assets/590341546"

[tools."github:yvgude/lean-ctx"."platforms.macos-arm64"]
checksum = "sha256:949fedc2dacfd89943d3f7e7ba02fe6d1b3619c39a81c9df9d8a608072e60704"
url = "https://github.com/yvgude/lean-ctx/releases/download/v3.10.4/lean-ctx-aarch64-apple-darwin.tar.gz"
url_api = "https://api.github.com/repos/yvgude/lean-ctx/releases/assets/590341552"

[tools."github:yvgude/lean-ctx"."platforms.macos-x64"]
checksum = "sha256:27c464100def57cb2c612ec871f1b45b1714672677cf35f23da6e6dabf70cf82"
url = "https://github.com/yvgude/lean-ctx/releases/download/v3.10.4/lean-ctx-x86_64-apple-darwin.tar.gz"
url_api = "https://api.github.com/repos/yvgude/lean-ctx/releases/assets/590341550"

[tools."github:yvgude/lean-ctx"."platforms.windows-x64"]
checksum = "sha256:11727f4ef1ee1a15806dc0b106cc30901c581640e1f0f6d2a57f2fbff368a1c2"
url = "https://github.com/yvgude/lean-ctx/releases/download/v3.10.4/lean-ctx-x86_64-pc-windows-msvc.zip"
url_api = "https://api.github.com/repos/yvgude/lean-ctx/releases/assets/590341563"

[[tools.hk]]
version = "1.48.0"
backend = "aqua:jdx/hk"
specifiers = ["1.48.0"]

[tools.hk."platforms.linux-arm64"]
checksum = "sha256:d72463103d9682094e9b1fb2f20ef8824d1ec7a9b23f79163921bac7785fcd51"
url = "https://github.com/jdx/hk/releases/download/v1.48.0/hk-aarch64-unknown-linux-gnu.tar.gz"
url_api = "https://api.github.com/repos/jdx/hk/releases/assets/445033855"

[tools.hk."platforms.linux-arm64-musl"]
checksum = "sha256:c6ba1ed78e6d205f442e013ffb20e815ff6498ae12aac0705fd3132a9a9b92a0"
url = "https://github.com/jdx/hk/releases/download/v1.48.0/hk-aarch64-unknown-linux-musl.tar.gz"
url_api = "https://api.github.com/repos/jdx/hk/releases/assets/445033852"

[tools.hk."platforms.linux-x64"]
checksum = "sha256:6b7f9a28391a8b13b88208d723cbde7b945d095cbb03455c7dd5f8df551ed380"
url = "https://github.com/jdx/hk/releases/download/v1.48.0/hk-x86_64-unknown-linux-gnu.tar.gz"
url_api = "https://api.github.com/repos/jdx/hk/releases/assets/445033857"

[tools.hk."platforms.linux-x64-musl"]
checksum = "sha256:bde5bcaab4035488520ab977f23bfe0b1b639152c6ed7200c9592724e2afe88d"
url = "https://github.com/jdx/hk/releases/download/v1.48.0/hk-x86_64-unknown-linux-musl.tar.gz"
url_api = "https://api.github.com/repos/jdx/hk/releases/assets/445033859"

[tools.hk."platforms.macos-arm64"]
checksum = "sha256:e3985a14f41ba5eb849bf79502ad19201d0a582114a5ebe35a9afff16742024b"
url = "https://github.com/jdx/hk/releases/download/v1.48.0/hk-aarch64-apple-darwin.tar.gz"
url_api = "https://api.github.com/repos/jdx/hk/releases/assets/445033853"

[tools.hk."platforms.windows-x64"]
checksum = "sha256:6349ab27cd7a9c07e68edc7c2af0859c8a540482e97a5b7306e9e88460a5ca43"
url = "https://github.com/jdx/hk/releases/download/v1.48.0/hk-x86_64-pc-windows-msvc.zip"
url_api = "https://api.github.com/repos/jdx/hk/releases/assets/445033856"

[[tools.node]]
version = "24.16.0"
backend = "core:node"
specifiers = ["24.16.0"]

[tools.node."platforms.linux-arm64"]
checksum = "sha256:589f5b6dd4fcfee4dfda73013903c966abaa8abd93dbc9d436544e472b4f0e74"
url = "https://nodejs.org/dist/v24.16.0/node-v24.16.0-linux-arm64.tar.gz"

[tools.node."platforms.linux-arm64-musl"]
checksum = "sha256:85dde27aa73503b03dadfa0410a800067b4e3f702fb7fcaa3beaf284dfcc69e9"
url = "https://unofficial-builds.nodejs.org/download/release/v24.16.0/node-v24.16.0-linux-arm64-musl.tar.gz"

[tools.node."platforms.linux-x64"]
checksum = "sha256:2faf6a387e9b62b888e21c54f01249fb27537ffecf1842f29f4c919d0a59a0ff"
url = "https://nodejs.org/dist/v24.16.0/node-v24.16.0-linux-x64.tar.gz"

[tools.node."platforms.linux-x64-musl"]
checksum = "sha256:50df5d8d474892d4f7b906167df36f77f5b93908f63dc532dc568219cab65841"
url = "https://unofficial-builds.nodejs.org/download/release/v24.16.0/node-v24.16.0-linux-x64-musl.tar.gz"

[tools.node."platforms.macos-arm64"]
checksum = "sha256:39189dab4eeb15706c424af0ac08a3044c9e48f7db12a7d77f6b7aafc7dd5df6"
url = "https://nodejs.org/dist/v24.16.0/node-v24.16.0-darwin-arm64.tar.gz"

[tools.node."platforms.macos-x64"]
checksum = "sha256:298b4c7b3cb80765c8703e42b90324a4ece3b6634947b89e769c3c980ab55185"
url = "https://nodejs.org/dist/v24.16.0/node-v24.16.0-darwin-x64.tar.gz"

[tools.node."platforms.windows-x64"]
checksum = "sha256:edaca9bd58ec8e92037dac4e877d52f6b8f430b81c18b57e264b4e2fb111cd56"
url = "https://nodejs.org/dist/v24.16.0/node-v24.16.0-win-x64.zip"

[[tools."npm:@bradygaster/squad-cli"]]
version = "0.10.0"
aube = { path = "mise/locks/npm-bradygaster-squad-cli/0.10.0", digest = "sha256:1a6cd834692b06579250d5556bf5edfb367a91a8f5bab1a2b323389cc6f2022a" }
backend = "npm:@bradygaster/squad-cli"
specifiers = ["0.10.0"]

[[tools."pipx:git+https://github.com/github/spec-kit.git"]]
version = "v1.0.11"
backend = "pipx:git+https://github.com/github/spec-kit.git"
specifiers = ["latest"]

[[tools.pkl]]
version = "0.31.1"
backend = "aqua:apple/pkl"
specifiers = ["0.31.1"]

[tools.pkl."platforms.linux-arm64"]
checksum = "sha256:7ef10e743daa921fb94ae7bdb9ec6986f362bf250c55814b9ea2aeb13f2d083e"
url = "https://github.com/apple/pkl/releases/download/0.31.1/pkl-linux-aarch64"
url_api = "https://api.github.com/repos/apple/pkl/releases/assets/382243722"

[tools.pkl."platforms.linux-arm64-musl"]
checksum = "sha256:7ef10e743daa921fb94ae7bdb9ec6986f362bf250c55814b9ea2aeb13f2d083e"
url = "https://github.com/apple/pkl/releases/download/0.31.1/pkl-linux-aarch64"
url_api = "https://api.github.com/repos/apple/pkl/releases/assets/382243722"

[tools.pkl."platforms.linux-x64"]
checksum = "sha256:618f13955d755cafbfe8c9cba1d27635848cd49dbc6abffd398d2751db1231bf"
url = "https://github.com/apple/pkl/releases/download/0.31.1/pkl-linux-amd64"
url_api = "https://api.github.com/repos/apple/pkl/releases/assets/382243718"

[tools.pkl."platforms.linux-x64-musl"]
checksum = "sha256:618f13955d755cafbfe8c9cba1d27635848cd49dbc6abffd398d2751db1231bf"
url = "https://github.com/apple/pkl/releases/download/0.31.1/pkl-linux-amd64"
url_api = "https://api.github.com/repos/apple/pkl/releases/assets/382243718"

[tools.pkl."platforms.macos-arm64"]
checksum = "sha256:1b6a5438d9624cd2798a7530721bbbfa27ef72efe5c878a1b6c546c6e7ca0e8f"
url = "https://github.com/apple/pkl/releases/download/0.31.1/pkl-macos-aarch64"
url_api = "https://api.github.com/repos/apple/pkl/releases/assets/382243720"

[tools.pkl."platforms.macos-x64"]
checksum = "sha256:22123ed4ae4c03afa8c54c69f77f0bec39b0fa0f67b09d6d148e0a376a2a471d"
url = "https://github.com/apple/pkl/releases/download/0.31.1/pkl-macos-amd64"
url_api = "https://api.github.com/repos/apple/pkl/releases/assets/382243726"

[tools.pkl."platforms.windows-x64"]
checksum = "sha256:a8834481667325b44c539dbb758d7365a16389070f343c04b639bbe525ede013"
url = "https://github.com/apple/pkl/releases/download/0.31.1/pkl-windows-amd64.exe"
url_api = "https://api.github.com/repos/apple/pkl/releases/assets/382243744"

[[tools.prettier]]
version = "3.8.4"
aube = { path = "mise/locks/prettier/3.8.4", digest = "sha256:74fdbd74ed955233891b46b3e2bbfa3ddaaf805cf57ebb9d0aae866d51fa5764" }
backend = "npm:prettier"
specifiers = ["3.8.4"]
