# @generated - this file is auto-generated by `mise lock` https://mise.en.dev/dev-tools/mise-lock.html

[[tools.actionlint]]
version = "1.7.12"
backend = "aqua:rhysd/actionlint"

[tools.actionlint."platforms.linux-arm64"]
checksum = "sha256:325e971b6ba9bfa504672e29be93c24981eeb1c07576d730e9f7c8805afff0c6"
url = "https://github.com/rhysd/actionlint/releases/download/v1.7.12/actionlint_1.7.12_linux_arm64.tar.gz"
provenance = "github-attestations"

[tools.actionlint."platforms.linux-arm64-musl"]
checksum = "sha256:325e971b6ba9bfa504672e29be93c24981eeb1c07576d730e9f7c8805afff0c6"
url = "https://github.com/rhysd/actionlint/releases/download/v1.7.12/actionlint_1.7.12_linux_arm64.tar.gz"
provenance = "github-attestations"

[tools.actionlint."platforms.linux-x64"]
checksum = "sha256:8aca8db96f1b94770f1b0d72b6dddcb1ebb8123cb3712530b08cc387b349a3d8"
url = "https://github.com/rhysd/actionlint/releases/download/v1.7.12/actionlint_1.7.12_linux_amd64.tar.gz"
provenance = "github-attestations"

[tools.actionlint."platforms.linux-x64-baseline"]
checksum = "sha256:8aca8db96f1b94770f1b0d72b6dddcb1ebb8123cb3712530b08cc387b349a3d8"
url = "https://github.com/rhysd/actionlint/releases/download/v1.7.12/actionlint_1.7.12_linux_amd64.tar.gz"
provenance = "github-attestations"

[tools.actionlint."platforms.linux-x64-musl"]
checksum = "sha256:8aca8db96f1b94770f1b0d72b6dddcb1ebb8123cb3712530b08cc387b349a3d8"
url = "https://github.com/rhysd/actionlint/releases/download/v1.7.12/actionlint_1.7.12_linux_amd64.tar.gz"
provenance = "github-attestations"

[tools.actionlint."platforms.linux-x64-musl-baseline"]
checksum = "sha256:8aca8db96f1b94770f1b0d72b6dddcb1ebb8123cb3712530b08cc387b349a3d8"
url = "https://github.com/rhysd/actionlint/releases/download/v1.7.12/actionlint_1.7.12_linux_amd64.tar.gz"
provenance = "github-attestations"

[tools.actionlint."platforms.macos-arm64"]
checksum = "sha256:aba9ced2dee8d27fecca3dc7feb1a7f9a52caefa1eb46f3271ea66b6e0e6953f"
url = "https://github.com/rhysd/actionlint/releases/download/v1.7.12/actionlint_1.7.12_darwin_arm64.tar.gz"
provenance = "github-attestations"

[tools.actionlint."platforms.windows-x64"]
checksum = "sha256:6e7241b51e6817ea6a047693d8e6fed13b31819c9a0dd6c5a726e1592d22f6e9"
url = "https://github.com/rhysd/actionlint/releases/download/v1.7.12/actionlint_1.7.12_windows_amd64.zip"
provenance = "github-attestations"

[tools.actionlint."platforms.windows-x64-baseline"]
checksum = "sha256:6e7241b51e6817ea6a047693d8e6fed13b31819c9a0dd6c5a726e1592d22f6e9"
url = "https://github.com/rhysd/actionlint/releases/download/v1.7.12/actionlint_1.7.12_windows_amd64.zip"
provenance = "github-attestations"

[[tools.bun]]
version = "1.3.14"
backend = "core:bun"

[tools.bun."platforms.linux-arm64"]
checksum = "sha256:a27ffb63a8310375836e0d6f668ae17fa8d8d18b88c37c821c65331973a19a3b"
url = "https://github.com/oven-sh/bun/releases/download/bun-v1.3.14/bun-linux-aarch64.zip"

[tools.bun."platforms.linux-arm64-musl"]
checksum = "sha256:b98e0ad3625c5c00d1d5b5ff55605c7adddbfae151861e68ade57b2d3b8703bb"
url = "https://github.com/oven-sh/bun/releases/download/bun-v1.3.14/bun-linux-aarch64-musl.zip"

[tools.bun."platforms.linux-x64"]
checksum = "sha256:951ee2aee855f08595aeec6225226a298d3fea83a3dcd6465c09cbccdf7e848f"
url = "https://github.com/oven-sh/bun/releases/download/bun-v1.3.14/bun-linux-x64.zip"

[tools.bun."platforms.linux-x64-baseline"]
checksum = "sha256:a063908ae08b7852ca10939bbdc6ceed3ddabce8fb9402dce83d65d73b36e6c7"
url = "https://github.com/oven-sh/bun/releases/download/bun-v1.3.14/bun-linux-x64-baseline.zip"

[tools.bun."platforms.linux-x64-musl"]
checksum = "sha256:14bd9aedeebf1dba67e8def9531c89bc989ecfdf1de42e5bfcaf1b8cd9294719"
url = "https://github.com/oven-sh/bun/releases/download/bun-v1.3.14/bun-linux-x64-musl.zip"

[tools.bun."platforms.linux-x64-musl-baseline"]
checksum = "sha256:56a7d6806cf155536c0178f0ea5fbd098e684fa509ebdb4fc0a7e19fb65382dc"
url = "https://github.com/oven-sh/bun/releases/download/bun-v1.3.14/bun-linux-x64-musl-baseline.zip"

[tools.bun."platforms.macos-arm64"]
checksum = "sha256:d8b96221828ad6f97ac7ac0ab7e95872341af763001e8803e8267652c2652620"
url = "https://github.com/oven-sh/bun/releases/download/bun-v1.3.14/bun-darwin-aarch64.zip"

[tools.bun."platforms.windows-x64"]
checksum = "sha256:0a0620930b6675d7ba440e81f4e0e00d3cfbe096c4b140d3fff02205e9e18922"
url = "https://github.com/oven-sh/bun/releases/download/bun-v1.3.14/bun-windows-x64.zip"

[tools.bun."platforms.windows-x64-baseline"]
checksum = "sha256:538f9c846355d9e847b2671bc00c47da4229a0befb24df3282b739770f3b475f"
url = "https://github.com/oven-sh/bun/releases/download/bun-v1.3.14/bun-windows-x64-baseline.zip"

[[tools.dotnet]]
version = "10.0.301"
backend = "core:dotnet"

[[tools.dotnet]]
version = "8.0.14"
backend = "core:dotnet"

[tools.dotnet.options]
runtime = "dotnet"

[[tools."dotnet:NuGet.Mcp.Server"]]
version = "1.4.3"
backend = "dotnet:NuGet.Mcp.Server"

[[tools."dotnet:codecov.tool"]]
version = "1.13.0"
backend = "dotnet:codecov.tool"

[[tools."dotnet:dotnet-coverage"]]
version = "18.5.1"
backend = "dotnet:dotnet-coverage"

[[tools."dotnet:dotnet-outdated-tool"]]
version = "4.7.0"
backend = "dotnet:dotnet-outdated-tool"

[[tools."dotnet:dotnet-reportgenerator-globaltool"]]
version = "5.5.3"
backend = "dotnet:dotnet-reportgenerator-globaltool"

[[tools."dotnet:gitreleasemanager.tool"]]
version = "0.20.0"
backend = "dotnet:gitreleasemanager.tool"

[[tools."dotnet:gitversion.tool"]]
version = "6.6.0"
backend = "dotnet:gitversion.tool"

[[tools."dotnet:jetbrains.dotcover.commandlinetools"]]
version = "2025.3.3"
backend = "dotnet:jetbrains.dotcover.commandlinetools"

[[tools."dotnet:jetbrains.dottrace.globaltools"]]
version = "2025.3.3"
backend = "dotnet:jetbrains.dottrace.globaltools"

[[tools."dotnet:jetbrains.resharper.globaltools"]]
version = "2025.3.3"
backend = "dotnet:jetbrains.resharper.globaltools"

[[tools."dotnet:verify.tool"]]
version = "0.7.0"
backend = "dotnet:verify.tool"

[[tools."github:eljulians/skillfile"]]
version = "1.7.1"
backend = "github:eljulians/skillfile"

[tools."github:eljulians/skillfile"."platforms.linux-arm64"]
checksum = "sha256:fdf83b76b39c08f52f11635490945e320eb7bb238a94165e6fb6be2aaa7d0cfd"
url = "https://github.com/eljulians/skillfile/releases/download/v1.7.1/skillfile-aarch64-linux"
url_api = "https://api.github.com/repos/eljulians/skillfile/releases/assets/436173693"

[tools."github:eljulians/skillfile"."platforms.linux-arm64-musl"]
checksum = "sha256:fdf83b76b39c08f52f11635490945e320eb7bb238a94165e6fb6be2aaa7d0cfd"
url = "https://github.com/eljulians/skillfile/releases/download/v1.7.1/skillfile-aarch64-linux"
url_api = "https://api.github.com/repos/eljulians/skillfile/releases/assets/436173693"

[tools."github:eljulians/skillfile"."platforms.linux-x64"]
checksum = "sha256:e8510c363348f175e35c0455f4a3e3b83f20ef9fb65fa68bd7366f20db61f0ab"
url = "https://github.com/eljulians/skillfile/releases/download/v1.7.1/skillfile-x86_64-linux"
url_api = "https://api.github.com/repos/eljulians/skillfile/releases/assets/436173690"

[tools."github:eljulians/skillfile"."platforms.linux-x64-baseline"]
checksum = "sha256:e8510c363348f175e35c0455f4a3e3b83f20ef9fb65fa68bd7366f20db61f0ab"
url = "https://github.com/eljulians/skillfile/releases/download/v1.7.1/skillfile-x86_64-linux"
url_api = "https://api.github.com/repos/eljulians/skillfile/releases/assets/436173690"

[tools."github:eljulians/skillfile"."platforms.linux-x64-musl"]
checksum = "sha256:e8510c363348f175e35c0455f4a3e3b83f20ef9fb65fa68bd7366f20db61f0ab"
url = "https://github.com/eljulians/skillfile/releases/download/v1.7.1/skillfile-x86_64-linux"
url_api = "https://api.github.com/repos/eljulians/skillfile/releases/assets/436173690"

[tools."github:eljulians/skillfile"."platforms.linux-x64-musl-baseline"]
checksum = "sha256:e8510c363348f175e35c0455f4a3e3b83f20ef9fb65fa68bd7366f20db61f0ab"
url = "https://github.com/eljulians/skillfile/releases/download/v1.7.1/skillfile-x86_64-linux"
url_api = "https://api.github.com/repos/eljulians/skillfile/releases/assets/436173690"

[tools."github:eljulians/skillfile"."platforms.macos-arm64"]
checksum = "sha256:f764bb9a6baa625c3a7265edbeb73860e780510df4441dfdd363c4b102cad5fb"
url = "https://github.com/eljulians/skillfile/releases/download/v1.7.1/skillfile-aarch64-macos"
url_api = "https://api.github.com/repos/eljulians/skillfile/releases/assets/436173688"

[tools."github:eljulians/skillfile"."platforms.windows-x64"]
checksum = "sha256:246aeae5dfd6019907a9700828aa8782e49515cf5dee0055c11cb9d136ab0bad"
url = "https://github.com/eljulians/skillfile/releases/download/v1.7.1/skillfile-x86_64-windows.exe"
url_api = "https://api.github.com/repos/eljulians/skillfile/releases/assets/436173692"

[tools."github:eljulians/skillfile"."platforms.windows-x64-baseline"]
checksum = "sha256:246aeae5dfd6019907a9700828aa8782e49515cf5dee0055c11cb9d136ab0bad"
url = "https://github.com/eljulians/skillfile/releases/download/v1.7.1/skillfile-x86_64-windows.exe"
url_api = "https://api.github.com/repos/eljulians/skillfile/releases/assets/436173692"

[[tools."github:microsoft/apm"]]
version = "0.20.0"
backend = "github:microsoft/apm"

[tools."github:microsoft/apm"."platforms.linux-arm64"]
checksum = "sha256:5cb6762ed291499920cea393e565b22e834c6b0218cc839f593937f2fc3a5509"
url = "https://github.com/microsoft/apm/releases/download/v0.20.0/apm-linux-arm64.tar.gz"
url_api = "https://api.github.com/repos/microsoft/apm/releases/assets/445352441"

[tools."github:microsoft/apm"."platforms.linux-arm64-musl"]
checksum = "sha256:5cb6762ed291499920cea393e565b22e834c6b0218cc839f593937f2fc3a5509"
url = "https://github.com/microsoft/apm/releases/download/v0.20.0/apm-linux-arm64.tar.gz"
url_api = "https://api.github.com/repos/microsoft/apm/releases/assets/445352441"

[tools."github:microsoft/apm"."platforms.linux-x64"]
checksum = "sha256:b993e3297b25034ebc30e41626d4ab1a91dbedf424f4d24a2e55824aa2cd9688"
url = "https://github.com/microsoft/apm/releases/download/v0.20.0/apm-linux-x86_64.tar.gz"
url_api = "https://api.github.com/repos/microsoft/apm/releases/assets/445352439"

[tools."github:microsoft/apm"."platforms.linux-x64-baseline"]
checksum = "sha256:b993e3297b25034ebc30e41626d4ab1a91dbedf424f4d24a2e55824aa2cd9688"
url = "https://github.com/microsoft/apm/releases/download/v0.20.0/apm-linux-x86_64.tar.gz"
url_api = "https://api.github.com/repos/microsoft/apm/releases/assets/445352439"

[tools."github:microsoft/apm"."platforms.linux-x64-musl"]
checksum = "sha256:b993e3297b25034ebc30e41626d4ab1a91dbedf424f4d24a2e55824aa2cd9688"
url = "https://github.com/microsoft/apm/releases/download/v0.20.0/apm-linux-x86_64.tar.gz"
url_api = "https://api.github.com/repos/microsoft/apm/releases/assets/445352439"

[tools."github:microsoft/apm"."platforms.linux-x64-musl-baseline"]
checksum = "sha256:b993e3297b25034ebc30e41626d4ab1a91dbedf424f4d24a2e55824aa2cd9688"
url = "https://github.com/microsoft/apm/releases/download/v0.20.0/apm-linux-x86_64.tar.gz"
url_api = "https://api.github.com/repos/microsoft/apm/releases/assets/445352439"

[tools."github:microsoft/apm"."platforms.macos-arm64"]
checksum = "sha256:99dd9ff3d7f32541ee7cd3d80016549ca26cfe198e34911b2c292728b211befd"
url = "https://github.com/microsoft/apm/releases/download/v0.20.0/apm-darwin-arm64.tar.gz"
url_api = "https://api.github.com/repos/microsoft/apm/releases/assets/445352440"

[tools."github:microsoft/apm"."platforms.windows-x64"]
checksum = "sha256:9c3ffc524c34a63980e893a1226adfbe6464dd8f68559cee802f7367821462dc"
url = "https://github.com/microsoft/apm/releases/download/v0.20.0/apm-windows-x86_64.zip"
url_api = "https://api.github.com/repos/microsoft/apm/releases/assets/445352437"

[tools."github:microsoft/apm"."platforms.windows-x64-baseline"]
checksum = "sha256:9c3ffc524c34a63980e893a1226adfbe6464dd8f68559cee802f7367821462dc"
url = "https://github.com/microsoft/apm/releases/download/v0.20.0/apm-windows-x86_64.zip"
url_api = "https://api.github.com/repos/microsoft/apm/releases/assets/445352437"

[[tools."github:yvgude/lean-ctx"]]
version = "3.8.8"
backend = "github:yvgude/lean-ctx"

[tools."github:yvgude/lean-ctx"."platforms.linux-arm64"]
checksum = "sha256:fea8b391523ecf91b90406ec58f44fd717bdb273e81e5ab93223b353a9618e66"
url = "https://github.com/yvgude/lean-ctx/releases/download/v3.8.8/lean-ctx-aarch64-unknown-linux-gnu.tar.gz"
url_api = "https://api.github.com/repos/yvgude/lean-ctx/releases/assets/449747451"

[tools."github:yvgude/lean-ctx"."platforms.linux-arm64-musl"]
checksum = "sha256:3784ec3f081e1ff10e37dadf3a5116d14f5fcd1017f23b492dac6b5b43850c2d"
url = "https://github.com/yvgude/lean-ctx/releases/download/v3.8.8/lean-ctx-aarch64-unknown-linux-musl.tar.gz"
url_api = "https://api.github.com/repos/yvgude/lean-ctx/releases/assets/449747443"

[tools."github:yvgude/lean-ctx"."platforms.linux-x64"]
checksum = "sha256:691436544156c5879fc6ab1c2fb89dfa3aa88d3f118164ff072abd6078fdad45"
url = "https://github.com/yvgude/lean-ctx/releases/download/v3.8.8/lean-ctx-x86_64-unknown-linux-gnu.tar.gz"
url_api = "https://api.github.com/repos/yvgude/lean-ctx/releases/assets/449747444"

[tools."github:yvgude/lean-ctx"."platforms.linux-x64-baseline"]
checksum = "sha256:691436544156c5879fc6ab1c2fb89dfa3aa88d3f118164ff072abd6078fdad45"
url = "https://github.com/yvgude/lean-ctx/releases/download/v3.8.8/lean-ctx-x86_64-unknown-linux-gnu.tar.gz"
url_api = "https://api.github.com/repos/yvgude/lean-ctx/releases/assets/449747444"

[tools."github:yvgude/lean-ctx"."platforms.linux-x64-musl"]
checksum = "sha256:d6e3d3957adda447bf624562b42ef91f9bb3634f1917cfca7aad17b8b90a8d8d"
url = "https://github.com/yvgude/lean-ctx/releases/download/v3.8.8/lean-ctx-x86_64-unknown-linux-musl.tar.gz"
url_api = "https://api.github.com/repos/yvgude/lean-ctx/releases/assets/449747446"

[tools."github:yvgude/lean-ctx"."platforms.linux-x64-musl-baseline"]
checksum = "sha256:d6e3d3957adda447bf624562b42ef91f9bb3634f1917cfca7aad17b8b90a8d8d"
url = "https://github.com/yvgude/lean-ctx/releases/download/v3.8.8/lean-ctx-x86_64-unknown-linux-musl.tar.gz"
url_api = "https://api.github.com/repos/yvgude/lean-ctx/releases/assets/449747446"

[tools."github:yvgude/lean-ctx"."platforms.macos-arm64"]
checksum = "sha256:8dd63148a9c45dd1256a9ea17d18bdc529f67ce42b8fa88b5e1e7927e1b6632e"
url = "https://github.com/yvgude/lean-ctx/releases/download/v3.8.8/lean-ctx-aarch64-apple-darwin.tar.gz"
url_api = "https://api.github.com/repos/yvgude/lean-ctx/releases/assets/449747450"

[tools."github:yvgude/lean-ctx"."platforms.windows-x64"]
checksum = "sha256:81ed34b8c18722ca7f7967d326b958edafed86190ebbf43b808d99a1ff22fbac"
url = "https://github.com/yvgude/lean-ctx/releases/download/v3.8.8/lean-ctx-x86_64-pc-windows-msvc.zip"
url_api = "https://api.github.com/repos/yvgude/lean-ctx/releases/assets/449747453"

[tools."github:yvgude/lean-ctx"."platforms.windows-x64-baseline"]
checksum = "sha256:e3be7f563ba6aacab2d986f347b61e3b2e8f4ac765c89ce44dd7b7967b794705"
url = "https://github.com/yvgude/lean-ctx/releases/download/v3.8.8/lean-ctx-x86_64-pc-windows-gnu.zip"
url_api = "https://api.github.com/repos/yvgude/lean-ctx/releases/assets/449747452"

[[tools.hk]]
version = "1.48.0"
backend = "aqua:jdx/hk"

[tools.hk."platforms.linux-arm64"]
checksum = "sha256:d72463103d9682094e9b1fb2f20ef8824d1ec7a9b23f79163921bac7785fcd51"
url = "https://github.com/jdx/hk/releases/download/v1.48.0/hk-aarch64-unknown-linux-gnu.tar.gz"

[tools.hk."platforms.linux-arm64-musl"]
checksum = "sha256:c6ba1ed78e6d205f442e013ffb20e815ff6498ae12aac0705fd3132a9a9b92a0"
url = "https://github.com/jdx/hk/releases/download/v1.48.0/hk-aarch64-unknown-linux-musl.tar.gz"

[tools.hk."platforms.linux-x64"]
checksum = "sha256:6b7f9a28391a8b13b88208d723cbde7b945d095cbb03455c7dd5f8df551ed380"
url = "https://github.com/jdx/hk/releases/download/v1.48.0/hk-x86_64-unknown-linux-gnu.tar.gz"

[tools.hk."platforms.linux-x64-baseline"]
checksum = "sha256:6b7f9a28391a8b13b88208d723cbde7b945d095cbb03455c7dd5f8df551ed380"
url = "https://github.com/jdx/hk/releases/download/v1.48.0/hk-x86_64-unknown-linux-gnu.tar.gz"

[tools.hk."platforms.linux-x64-musl"]
checksum = "sha256:bde5bcaab4035488520ab977f23bfe0b1b639152c6ed7200c9592724e2afe88d"
url = "https://github.com/jdx/hk/releases/download/v1.48.0/hk-x86_64-unknown-linux-musl.tar.gz"

[tools.hk."platforms.linux-x64-musl-baseline"]
checksum = "sha256:bde5bcaab4035488520ab977f23bfe0b1b639152c6ed7200c9592724e2afe88d"
url = "https://github.com/jdx/hk/releases/download/v1.48.0/hk-x86_64-unknown-linux-musl.tar.gz"

[tools.hk."platforms.macos-arm64"]
checksum = "sha256:e3985a14f41ba5eb849bf79502ad19201d0a582114a5ebe35a9afff16742024b"
url = "https://github.com/jdx/hk/releases/download/v1.48.0/hk-aarch64-apple-darwin.tar.gz"

[tools.hk."platforms.windows-x64"]
checksum = "sha256:6349ab27cd7a9c07e68edc7c2af0859c8a540482e97a5b7306e9e88460a5ca43"
url = "https://github.com/jdx/hk/releases/download/v1.48.0/hk-x86_64-pc-windows-msvc.zip"

[tools.hk."platforms.windows-x64-baseline"]
checksum = "sha256:6349ab27cd7a9c07e68edc7c2af0859c8a540482e97a5b7306e9e88460a5ca43"
url = "https://github.com/jdx/hk/releases/download/v1.48.0/hk-x86_64-pc-windows-msvc.zip"

[[tools."npm:prettier"]]
version = "3.8.4"
backend = "npm:prettier"

[[tools."npm:vitepress"]]
version = "2.0.0-alpha.17"
backend = "npm:vitepress"

[[tools.pkl]]
version = "0.31.1"
backend = "aqua:apple/pkl"

[tools.pkl."platforms.linux-arm64"]
checksum = "sha256:7ef10e743daa921fb94ae7bdb9ec6986f362bf250c55814b9ea2aeb13f2d083e"
url = "https://github.com/apple/pkl/releases/download/0.31.1/pkl-linux-aarch64"

[tools.pkl."platforms.linux-arm64-musl"]
checksum = "sha256:7ef10e743daa921fb94ae7bdb9ec6986f362bf250c55814b9ea2aeb13f2d083e"
url = "https://github.com/apple/pkl/releases/download/0.31.1/pkl-linux-aarch64"

[tools.pkl."platforms.linux-x64"]
checksum = "sha256:618f13955d755cafbfe8c9cba1d27635848cd49dbc6abffd398d2751db1231bf"
url = "https://github.com/apple/pkl/releases/download/0.31.1/pkl-linux-amd64"

[tools.pkl."platforms.linux-x64-baseline"]
checksum = "sha256:618f13955d755cafbfe8c9cba1d27635848cd49dbc6abffd398d2751db1231bf"
url = "https://github.com/apple/pkl/releases/download/0.31.1/pkl-linux-amd64"

[tools.pkl."platforms.linux-x64-musl"]
checksum = "sha256:618f13955d755cafbfe8c9cba1d27635848cd49dbc6abffd398d2751db1231bf"
url = "https://github.com/apple/pkl/releases/download/0.31.1/pkl-linux-amd64"

[tools.pkl."platforms.linux-x64-musl-baseline"]
checksum = "sha256:618f13955d755cafbfe8c9cba1d27635848cd49dbc6abffd398d2751db1231bf"
url = "https://github.com/apple/pkl/releases/download/0.31.1/pkl-linux-amd64"

[tools.pkl."platforms.macos-arm64"]
checksum = "sha256:1b6a5438d9624cd2798a7530721bbbfa27ef72efe5c878a1b6c546c6e7ca0e8f"
url = "https://github.com/apple/pkl/releases/download/0.31.1/pkl-macos-aarch64"

[tools.pkl."platforms.windows-x64"]
checksum = "sha256:a8834481667325b44c539dbb758d7365a16389070f343c04b639bbe525ede013"
url = "https://github.com/apple/pkl/releases/download/0.31.1/pkl-windows-amd64.exe"

[tools.pkl."platforms.windows-x64-baseline"]
checksum = "sha256:a8834481667325b44c539dbb758d7365a16389070f343c04b639bbe525ede013"
url = "https://github.com/apple/pkl/releases/download/0.31.1/pkl-windows-amd64.exe"

[[tools.prettier]]
version = "3.8.4"
backend = "npm:prettier"
